
Microsoft Visual Studio Solution File, Format Version 12.00
# Visual Studio 15
Project("{FAE04EC0-301F-11D3-BF4B-00C04F79EFBC}") = "UnityEngine.UI", "UnityEngine.UI.csproj", "{4271BE76-E6A4-ED70-8FBE-D1A45C92DA49}"
EndProject
Project("{FAE04EC0-301F-11D3-BF4B-00C04F79EFBC}") = "UnityEngine.SpatialTracking", "UnityEngine.SpatialTracking.csproj", "{7603171F-4184-C350-03BA-95EE2765A618}"
EndProject
Project("{FAE04EC0-301F-11D3-BF4B-00C04F79EFBC}") = "Unity.RenderPipelines.Core.Runtime", "Unity.RenderPipelines.Core.Runtime.csproj", "{92804F7F-490E-63FA-AAEC-BB2924241E47}"
EndProject
Project("{FAE04EC0-301F-11D3-BF4B-00C04F79EFBC}") = "Unity.XR.Interaction.Toolkit", "Unity.XR.Interaction.Toolkit.csproj", "{80B489CB-6CF0-FD7E-BB2C-41DD8F3205ED}"
EndProject
Project("{FAE04EC0-301F-11D3-BF4B-00C04F79EFBC}") = "UnityEngine.TestRunner", "UnityEngine.TestRunner.csproj", "{D11A0E7C-05F3-A48F-D2BE-25D0CEE42C5A}"
EndProject
Project("{FAE04EC0-301F-11D3-BF4B-00C04F79EFBC}") = "Unity.InputSystem", "Unity.InputSystem.csproj", "{A7D2DE0B-4013-FD0A-B05A-D9329D2A0FC5}"
EndProject
Project("{FAE04EC0-301F-11D3-BF4B-00C04F79EFBC}") = "Unity.VisualScripting.State", "Unity.VisualScripting.State.csproj", "{DFF56031-6B62-8811-EA91-225CC2E48033}"
EndProject
Project("{FAE04EC0-301F-11D3-BF4B-00C04F79EFBC}") = "Unity.RenderPipelines.Universal.Runtime", "Unity.RenderPipelines.Universal.Runtime.csproj", "{265B3B2E-3A92-6D39-CC7B-C06A21D94477}"
EndProject
Project("{FAE04EC0-301F-11D3-BF4B-00C04F79EFBC}") = "Unity.Postprocessing.Runtime", "Unity.Postprocessing.Runtime.csproj", "{4173EBE2-CB49-E2CF-BE0A-869FD175A1C7}"
EndProject
Project("{FAE04EC0-301F-11D3-BF4B-00C04F79EFBC}") = "Unity.VisualScripting.Flow", "Unity.VisualScripting.Flow.csproj", "{01CBB368-65B6-3EEC-07BC-F1031CF5FE40}"
EndProject
Project("{FAE04EC0-301F-11D3-BF4B-00C04F79EFBC}") = "Unity.VisualScripting.Core", "Unity.VisualScripting.Core.csproj", "{E1459B55-311D-26C9-E6ED-82CA9A9CF84C}"
EndProject
Project("{FAE04EC0-301F-11D3-BF4B-00C04F79EFBC}") = "Unity.XR.Oculus", "Unity.XR.Oculus.csproj", "{1F7A9E47-199B-5505-E63D-62FE7C5889C0}"
EndProject
Project("{FAE04EC0-301F-11D3-BF4B-00C04F79EFBC}") = "Unity.TextMeshPro", "Unity.TextMeshPro.csproj", "{2061DEB2-941B-E383-9564-545C5E776E2F}"
EndProject
Project("{FAE04EC0-301F-11D3-BF4B-00C04F79EFBC}") = "Unity.Burst", "Unity.Burst.csproj", "{377FB575-17E8-AB9B-B983-B93087CA4EB9}"
EndProject
Project("{FAE04EC0-301F-11D3-BF4B-00C04F79EFBC}") = "Unity.RenderPipeline.Universal.ShaderLibrary", "Unity.RenderPipeline.Universal.ShaderLibrary.csproj", "{C92A88D0-0FF8-480D-FDBC-4812F061E148}"
EndProject
Project("{FAE04EC0-301F-11D3-BF4B-00C04F79EFBC}") = "Assembly-CSharp", "Assembly-CSharp.csproj", "{C083F234-4CCD-E395-1C86-1B9279B16585}"
EndProject
Project("{FAE04EC0-301F-11D3-BF4B-00C04F79EFBC}") = "Unity.XR.Content.Interaction", "Unity.XR.Content.Interaction.csproj", "{FEC0E7EB-5B93-C987-830B-763D35878763}"
EndProject
Project("{FAE04EC0-301F-11D3-BF4B-00C04F79EFBC}") = "Unity.XR.Hands", "Unity.XR.Hands.csproj", "{471DC711-B5ED-0BD1-41E7-9525F139645B}"
EndProject
Project("{FAE04EC0-301F-11D3-BF4B-00C04F79EFBC}") = "Unity.XR.CoreUtils", "Unity.XR.CoreUtils.csproj", "{8E1E41BB-82E9-A62F-E40E-E3577C61A632}"
EndProject
Project("{FAE04EC0-301F-11D3-BF4B-00C04F79EFBC}") = "Unity.XR.OpenXR", "Unity.XR.OpenXR.csproj", "{893702B6-3815-5245-F066-754DA1472C31}"
EndProject
Project("{FAE04EC0-301F-11D3-BF4B-00C04F79EFBC}") = "Unity.Timeline", "Unity.Timeline.csproj", "{F66073EF-4458-068D-2EA6-A8BFF00C447C}"
EndProject
Project("{FAE04EC0-301F-11D3-BF4B-00C04F79EFBC}") = "Unity.Mathematics", "Unity.Mathematics.csproj", "{B5F030DA-9705-D3DA-AC48-A2744A10CFF1}"
EndProject
Project("{FAE04EC0-301F-11D3-BF4B-00C04F79EFBC}") = "Unity.XR.Hands.Samples.VisualizerSample", "Unity.XR.Hands.Samples.VisualizerSample.csproj", "{B8415C0E-E19F-BFB8-7866-6400E8DED6FA}"
EndProject
Project("{FAE04EC0-301F-11D3-BF4B-00C04F79EFBC}") = "Unity.XR.Content.Interaction.Analytics", "Unity.XR.Content.Interaction.Analytics.csproj", "{C4DD014C-7AC7-1436-CE4F-CBCFC28F111E}"
EndProject
Project("{FAE04EC0-301F-11D3-BF4B-00C04F79EFBC}") = "Unity.XR.Interaction.Toolkit.Samples.DeviceSimulator", "Unity.XR.Interaction.Toolkit.Samples.DeviceSimulator.csproj", "{B583213D-CEC8-712B-23B8-E10A5047CB47}"
EndProject
Project("{FAE04EC0-301F-11D3-BF4B-00C04F79EFBC}") = "Unity.XR.Management", "Unity.XR.Management.csproj", "{AC173915-16EF-5DC8-4D79-6BA9F0C4283A}"
EndProject
Project("{FAE04EC0-301F-11D3-BF4B-00C04F79EFBC}") = "Unity.XR.Interaction.Toolkit.Samples.Hands", "Unity.XR.Interaction.Toolkit.Samples.Hands.csproj", "{2F859CD8-530F-A1AA-B79F-DAD1295377F4}"
EndProject
Project("{FAE04EC0-301F-11D3-BF4B-00C04F79EFBC}") = "UnityEngine.XR.LegacyInputHelpers", "UnityEngine.XR.LegacyInputHelpers.csproj", "{CB345390-AD50-4E38-8C3D-8E91093B1C44}"
EndProject
Project("{FAE04EC0-301F-11D3-BF4B-00C04F79EFBC}") = "Unity.XR.Interaction.Toolkit.Samples.StarterAssets", "Unity.XR.Interaction.Toolkit.Samples.StarterAssets.csproj", "{B74228D1-73F5-9C0E-8694-DC9A449B517D}"
EndProject
Project("{FAE04EC0-301F-11D3-BF4B-00C04F79EFBC}") = "Unity.Tutorials.Core", "Unity.Tutorials.Core.csproj", "{18CED65A-FC3C-35BD-82FE-DC4D07FC3D6F}"
EndProject
Project("{FAE04EC0-301F-11D3-BF4B-00C04F79EFBC}") = "Unity.XR.OpenXR.Features.ConformanceAutomation", "Unity.XR.OpenXR.Features.ConformanceAutomation.csproj", "{6DAE343F-1007-D0C2-B380-FA695625FF18}"
EndProject
Project("{FAE04EC0-301F-11D3-BF4B-00C04F79EFBC}") = "Unity.XR.OpenXR.Features.MockRuntime", "Unity.XR.OpenXR.Features.MockRuntime.csproj", "{9A3B00E5-D57B-2992-46A0-D14B182A2BFC}"
EndProject
Project("{FAE04EC0-301F-11D3-BF4B-00C04F79EFBC}") = "Unity.XR.OpenXR.Features.MetaQuestSupport", "Unity.XR.OpenXR.Features.MetaQuestSupport.csproj", "{7B163DEC-B896-721A-47EF-841F290543E8}"
EndProject
Project("{FAE04EC0-301F-11D3-BF4B-00C04F79EFBC}") = "Unity.RenderPipelines.ShaderGraph.ShaderGraphLibrary", "Unity.RenderPipelines.ShaderGraph.ShaderGraphLibrary.csproj", "{C0E32D4B-F1A8-EB8F-2448-F48C4A481950}"
EndProject
Project("{FAE04EC0-301F-11D3-BF4B-00C04F79EFBC}") = "Unity.InputSystem.ForUI", "Unity.InputSystem.ForUI.csproj", "{D6D9A105-639C-6CF9-BF85-816DD4BCF158}"
EndProject
Project("{FAE04EC0-301F-11D3-BF4B-00C04F79EFBC}") = "Unity.InputSystem.TestFramework", "Unity.InputSystem.TestFramework.csproj", "{A66EA879-C2CF-2AE2-66D4-310CDF392AC1}"
EndProject
Project("{FAE04EC0-301F-11D3-BF4B-00C04F79EFBC}") = "Unity.RenderPipelines.Core.ShaderLibrary", "Unity.RenderPipelines.Core.ShaderLibrary.csproj", "{2DE73C41-9CAA-1742-3A1B-D4963C12F61E}"
EndProject
Project("{FAE04EC0-301F-11D3-BF4B-00C04F79EFBC}") = "Unity.XR.OpenXR.Features.RuntimeDebugger", "Unity.XR.OpenXR.Features.RuntimeDebugger.csproj", "{72799281-85A0-9AF1-1638-4542EE8B4FF8}"
EndProject
Project("{FAE04EC0-301F-11D3-BF4B-00C04F79EFBC}") = "Unity.RenderPipelines.Universal.Shaders", "Unity.RenderPipelines.Universal.Shaders.csproj", "{FF1444B7-8453-DBFD-D964-7930F4408267}"
EndProject
Project("{FAE04EC0-301F-11D3-BF4B-00C04F79EFBC}") = "Unity.XR.OpenXR.Features.OculusQuestSupport", "Unity.XR.OpenXR.Features.OculusQuestSupport.csproj", "{C770469B-D4C2-D99B-4DE0-883D4BD7D6FE}"
EndProject
Project("{FAE04EC0-301F-11D3-BF4B-00C04F79EFBC}") = "Unity.VisualScripting.Core.Editor", "Unity.VisualScripting.Core.Editor.csproj", "{B4100DA5-9870-DEA1-4CE2-8FE089D3597D}"
EndProject
Project("{FAE04EC0-301F-11D3-BF4B-00C04F79EFBC}") = "Unity.ShaderGraph.Editor", "Unity.ShaderGraph.Editor.csproj", "{869C0734-3FC7-1B1F-686C-F9FCB293682B}"
EndProject
Project("{FAE04EC0-301F-11D3-BF4B-00C04F79EFBC}") = "Unity.Timeline.Editor", "Unity.Timeline.Editor.csproj", "{E09B562E-2CAC-D9C2-F995-8A4D11696B9D}"
EndProject
Project("{FAE04EC0-301F-11D3-BF4B-00C04F79EFBC}") = "Unity.RenderPipelines.Universal.Editor", "Unity.RenderPipelines.Universal.Editor.csproj", "{9C1FDB0F-04C4-F0A5-0678-D56003B9ED38}"
EndProject
Project("{FAE04EC0-301F-11D3-BF4B-00C04F79EFBC}") = "Unity.XR.Interaction.Toolkit.Editor", "Unity.XR.Interaction.Toolkit.Editor.csproj", "{09F2F83E-6094-D743-9D0A-B436C9C30551}"
EndProject
Project("{FAE04EC0-301F-11D3-BF4B-00C04F79EFBC}") = "Unity.TextMeshPro.Editor", "Unity.TextMeshPro.Editor.csproj", "{2BFB3876-D9E3-6872-C197-845C8A9E65F4}"
EndProject
Project("{FAE04EC0-301F-11D3-BF4B-00C04F79EFBC}") = "Unity.VisualScripting.SettingsProvider.Editor", "Unity.VisualScripting.SettingsProvider.Editor.csproj", "{854C4D08-7B97-E2BC-D936-9A4D1A82A5EF}"
EndProject
Project("{FAE04EC0-301F-11D3-BF4B-00C04F79EFBC}") = "UnityEditor.TestRunner", "UnityEditor.TestRunner.csproj", "{1713F03E-D00F-C41B-43FA-F273641D5008}"
EndProject
Project("{FAE04EC0-301F-11D3-BF4B-00C04F79EFBC}") = "Unity.TestTools.CodeCoverage.Editor", "Unity.TestTools.CodeCoverage.Editor.csproj", "{448D52F3-ADEB-6531-F966-E0F466E4A1BA}"
EndProject
Project("{FAE04EC0-301F-11D3-BF4B-00C04F79EFBC}") = "Unity.VisualScripting.Flow.Editor", "Unity.VisualScripting.Flow.Editor.csproj", "{62A87F01-646F-2990-95AE-886F9E390FAC}"
EndProject
Project("{FAE04EC0-301F-11D3-BF4B-00C04F79EFBC}") = "Unity.Rider.Editor", "Unity.Rider.Editor.csproj", "{A83459F8-7E49-EA39-0C13-C068D5BE1920}"
EndProject
Project("{FAE04EC0-301F-11D3-BF4B-00C04F79EFBC}") = "Unity.Tutorials.Core.Editor", "Unity.Tutorials.Core.Editor.csproj", "{1E254516-71A4-18E6-5DB2-08B9F4E71462}"
EndProject
Project("{FAE04EC0-301F-11D3-BF4B-00C04F79EFBC}") = "Unity.Performance.Profile-Analyzer.Editor", "Unity.Performance.Profile-Analyzer.Editor.csproj", "{3BF0EF5C-A8D9-4050-D4B6-3678DDE6E3BC}"
EndProject
Project("{FAE04EC0-301F-11D3-BF4B-00C04F79EFBC}") = "Unity.RenderPipelines.Core.Editor", "Unity.RenderPipelines.Core.Editor.csproj", "{0151FE3D-4DDD-0449-381D-2145EA882C30}"
EndProject
Project("{FAE04EC0-301F-11D3-BF4B-00C04F79EFBC}") = "Unity.XR.Hands.Editor", "Unity.XR.Hands.Editor.csproj", "{40517365-12F2-8FF1-575E-24D9D8C2B656}"
EndProject
Project("{FAE04EC0-301F-11D3-BF4B-00C04F79EFBC}") = "Unity.Postprocessing.Editor", "Unity.Postprocessing.Editor.csproj", "{0E7CD546-F6F9-5F97-E265-1C4CA373BDC7}"
EndProject
Project("{FAE04EC0-301F-11D3-BF4B-00C04F79EFBC}") = "Unity.Burst.CodeGen", "Unity.Burst.CodeGen.csproj", "{0EEF1905-EFDF-1EF4-EE84-4D544050B8EE}"
EndProject
Project("{FAE04EC0-301F-11D3-BF4B-00C04F79EFBC}") = "Unity.XR.OpenXR.Features.OculusQuestSupport.Editor", "Unity.XR.OpenXR.Features.OculusQuestSupport.Editor.csproj", "{009E1FFE-808F-073C-86F5-0BD2A9086400}"
EndProject
Project("{FAE04EC0-301F-11D3-BF4B-00C04F79EFBC}") = "Unity.InternalAPIEditorBridge.007", "Unity.InternalAPIEditorBridge.007.csproj", "{608E4EEA-AFEB-C76E-CEC6-182A57CF740B}"
EndProject
Project("{FAE04EC0-301F-11D3-BF4B-00C04F79EFBC}") = "Unity.XR.Management.Editor", "Unity.XR.Management.Editor.csproj", "{EFAE8468-3B81-F22E-43C6-75365AE43166}"
EndProject
Project("{FAE04EC0-301F-11D3-BF4B-00C04F79EFBC}") = "Unity.VSCode.Editor", "Unity.VSCode.Editor.csproj", "{7C576D08-9AB4-D6C3-1B30-2F2829147BF0}"
EndProject
Project("{FAE04EC0-301F-11D3-BF4B-00C04F79EFBC}") = "Unity.VisualStudio.Editor", "Unity.VisualStudio.Editor.csproj", "{CB05693E-8CFB-EFA4-562B-547EF1F82033}"
EndProject
Project("{FAE04EC0-301F-11D3-BF4B-00C04F79EFBC}") = "Unity.TestTools.CodeCoverage.Editor.OpenCover.Model", "Unity.TestTools.CodeCoverage.Editor.OpenCover.Model.csproj", "{7C51E795-FAC2-E57B-6351-5C37C16598D3}"
EndProject
Project("{FAE04EC0-301F-11D3-BF4B-00C04F79EFBC}") = "Unity.Settings.Editor", "Unity.Settings.Editor.csproj", "{7C38EDA5-7EED-AB8B-A581-4B75ECD622A4}"
EndProject
Project("{FAE04EC0-301F-11D3-BF4B-00C04F79EFBC}") = "UnityEditor.SpatialTracking", "UnityEditor.SpatialTracking.csproj", "{A4A9D67D-B307-B04C-7915-29A6A43594D2}"
EndProject
Project("{FAE04EC0-301F-11D3-BF4B-00C04F79EFBC}") = "PPv2URPConverters", "PPv2URPConverters.csproj", "{9E771990-5BE1-B884-3CA8-97FD4F6661DD}"
EndProject
Project("{FAE04EC0-301F-11D3-BF4B-00C04F79EFBC}") = "Unity.XR.OpenXR.Editor", "Unity.XR.OpenXR.Editor.csproj", "{DF65FABF-C440-B87D-61FE-7987A2DFFBC0}"
EndProject
Project("{FAE04EC0-301F-11D3-BF4B-00C04F79EFBC}") = "Unity.VisualScripting.State.Editor", "Unity.VisualScripting.State.Editor.csproj", "{CFD4412D-9CB3-FB6F-8E13-E61262FB009F}"
EndProject
Project("{FAE04EC0-301F-11D3-BF4B-00C04F79EFBC}") = "UnityEditor.UI", "UnityEditor.UI.csproj", "{5CBD3CC8-3C0A-DC43-FA8E-96E09BBE01D9}"
EndProject
Project("{FAE04EC0-301F-11D3-BF4B-00C04F79EFBC}") = "Unity.XR.CoreUtils.Editor", "Unity.XR.CoreUtils.Editor.csproj", "{5914E85C-BE7D-019D-3311-9ECF1B8E9068}"
EndProject
Project("{FAE04EC0-301F-11D3-BF4B-00C04F79EFBC}") = "UnityEditor.XR.LegacyInputHelpers", "UnityEditor.XR.LegacyInputHelpers.csproj", "{A8DD7A50-4151-2BF7-0340-77D0380F5852}"
EndProject
Project("{FAE04EC0-301F-11D3-BF4B-00C04F79EFBC}") = "Unity.Searcher.Editor", "Unity.Searcher.Editor.csproj", "{F15A7F3B-EE64-F03C-C5D0-D505E641B2E4}"
EndProject
Project("{FAE04EC0-301F-11D3-BF4B-00C04F79EFBC}") = "Unity.Burst.Editor", "Unity.Burst.Editor.csproj", "{E08D0F81-5C59-4610-F6EB-5CC9D6360F39}"
EndProject
Project("{FAE04EC0-301F-11D3-BF4B-00C04F79EFBC}") = "Unity.XR.Management.Samples.Editor", "Unity.XR.Management.Samples.Editor.csproj", "{4FA7AA28-487B-0306-E95D-71ED1C926B88}"
EndProject
Project("{FAE04EC0-301F-11D3-BF4B-00C04F79EFBC}") = "Unity.XR.OpenXR.Features.RuntimeDebugger.Editor", "Unity.XR.OpenXR.Features.RuntimeDebugger.Editor.csproj", "{5F27D703-C50E-8C1D-A181-6525B90E2632}"
EndProject
Project("{FAE04EC0-301F-11D3-BF4B-00C04F79EFBC}") = "Unity.XR.Oculus.Editor", "Unity.XR.Oculus.Editor.csproj", "{06A41052-F87C-936F-65D4-A990CC34656D}"
EndProject
Project("{FAE04EC0-301F-11D3-BF4B-00C04F79EFBC}") = "Unity.XR.Interaction.Toolkit.Samples.Hands.Editor", "Unity.XR.Interaction.Toolkit.Samples.Hands.Editor.csproj", "{DAF9EF47-6E67-A450-676A-EC6BDF94647F}"
EndProject
Project("{FAE04EC0-301F-11D3-BF4B-00C04F79EFBC}") = "Unity.ShaderGraph.Utilities", "Unity.ShaderGraph.Utilities.csproj", "{D3158222-53BA-A9BA-1A84-6A1EF0A97E03}"
EndProject
Project("{FAE04EC0-301F-11D3-BF4B-00C04F79EFBC}") = "Unity.XR.OpenXR.Features.MetaQuestSupport.Editor", "Unity.XR.OpenXR.Features.MetaQuestSupport.Editor.csproj", "{D11F93C2-1F37-6A46-CEF2-FD65AFAE7E66}"
EndProject
Project("{FAE04EC0-301F-11D3-BF4B-00C04F79EFBC}") = "Unity.Mathematics.Editor", "Unity.Mathematics.Editor.csproj", "{22F9DF76-9720-13C3-4031-B8AD54025DE3}"
EndProject
Project("{FAE04EC0-301F-11D3-BF4B-00C04F79EFBC}") = "Unity.TestTools.CodeCoverage.Editor.OpenCover.Mono.Reflection", "Unity.TestTools.CodeCoverage.Editor.OpenCover.Mono.Reflection.csproj", "{83979031-E0B0-B064-0D83-69F6CF7B382D}"
EndProject
Project("{FAE04EC0-301F-11D3-BF4B-00C04F79EFBC}") = "Unity.XR.Management.Samples", "Unity.XR.Management.Samples.csproj", "{2E27776C-09C5-5FF8-935C-53F01D1E91D4}"
EndProject
Project("{FAE04EC0-301F-11D3-BF4B-00C04F79EFBC}") = "Unity.EditorCoroutines.Editor", "Unity.EditorCoroutines.Editor.csproj", "{3431A732-D10B-BB40-21D2-5D93C4FC3A15}"
EndProject
Project("{FAE04EC0-301F-11D3-BF4B-00C04F79EFBC}") = "Assembly-CSharp-Editor", "Assembly-CSharp-Editor.csproj", "{8F14B4CA-32BD-6E62-22DC-119E20310475}"
EndProject
Project("{FAE04EC0-301F-11D3-BF4B-00C04F79EFBC}") = "Unity.InternalAPIEngineBridge.007", "Unity.InternalAPIEngineBridge.007.csproj", "{2353BF1B-404E-28EB-01BF-98C07AFCC5C7}"
EndProject
Project("{FAE04EC0-301F-11D3-BF4B-00C04F79EFBC}") = "Unity.VisualScripting.Shared.Editor", "Unity.VisualScripting.Shared.Editor.csproj", "{E3B2D631-FB6E-9D9E-5917-4F296F4D7047}"
EndProject
Project("{FAE04EC0-301F-11D3-BF4B-00C04F79EFBC}") = "Unity.XR.Interaction.Toolkit.Samples.StarterAssets.Editor", "Unity.XR.Interaction.Toolkit.Samples.StarterAssets.Editor.csproj", "{7BA68E5F-7B5B-2952-0ABF-01C9C4B4A366}"
EndProject
Global
	GlobalSection(SolutionConfigurationPlatforms) = preSolution
		Debug|Any CPU = Debug|Any CPU
		Release|Any CPU = Release|Any CPU
	EndGlobalSection
	GlobalSection(ProjectConfigurationPlatforms) = postSolution
		{4271BE76-E6A4-ED70-8FBE-D1A45C92DA49}.Debug|Any CPU.ActiveCfg = Debug|Any CPU
		{4271BE76-E6A4-ED70-8FBE-D1A45C92DA49}.Debug|Any CPU.Build.0 = Debug|Any CPU
		{4271BE76-E6A4-ED70-8FBE-D1A45C92DA49}.Release|Any CPU.ActiveCfg = Release|Any CPU
		{4271BE76-E6A4-ED70-8FBE-D1A45C92DA49}.Release|Any CPU.Build.0 = Release|Any CPU
		{7603171F-4184-C350-03BA-95EE2765A618}.Debug|Any CPU.ActiveCfg = Debug|Any CPU
		{7603171F-4184-C350-03BA-95EE2765A618}.Debug|Any CPU.Build.0 = Debug|Any CPU
		{7603171F-4184-C350-03BA-95EE2765A618}.Release|Any CPU.ActiveCfg = Release|Any CPU
		{7603171F-4184-C350-03BA-95EE2765A618}.Release|Any CPU.Build.0 = Release|Any CPU
		{92804F7F-490E-63FA-AAEC-BB2924241E47}.Debug|Any CPU.ActiveCfg = Debug|Any CPU
		{92804F7F-490E-63FA-AAEC-BB2924241E47}.Debug|Any CPU.Build.0 = Debug|Any CPU
		{92804F7F-490E-63FA-AAEC-BB2924241E47}.Release|Any CPU.ActiveCfg = Release|Any CPU
		{92804F7F-490E-63FA-AAEC-BB2924241E47}.Release|Any CPU.Build.0 = Release|Any CPU
		{80B489CB-6CF0-FD7E-BB2C-41DD8F3205ED}.Debug|Any CPU.ActiveCfg = Debug|Any CPU
		{80B489CB-6CF0-FD7E-BB2C-41DD8F3205ED}.Debug|Any CPU.Build.0 = Debug|Any CPU
		{80B489CB-6CF0-FD7E-BB2C-41DD8F3205ED}.Release|Any CPU.ActiveCfg = Release|Any CPU
		{80B489CB-6CF0-FD7E-BB2C-41DD8F3205ED}.Release|Any CPU.Build.0 = Release|Any CPU
		{D11A0E7C-05F3-A48F-D2BE-25D0CEE42C5A}.Debug|Any CPU.ActiveCfg = Debug|Any CPU
		{D11A0E7C-05F3-A48F-D2BE-25D0CEE42C5A}.Debug|Any CPU.Build.0 = Debug|Any CPU
		{D11A0E7C-05F3-A48F-D2BE-25D0CEE42C5A}.Release|Any CPU.ActiveCfg = Release|Any CPU
		{D11A0E7C-05F3-A48F-D2BE-25D0CEE42C5A}.Release|Any CPU.Build.0 = Release|Any CPU
		{A7D2DE0B-4013-FD0A-B05A-D9329D2A0FC5}.Debug|Any CPU.ActiveCfg = Debug|Any CPU
		{A7D2DE0B-4013-FD0A-B05A-D9329D2A0FC5}.Debug|Any CPU.Build.0 = Debug|Any CPU
		{A7D2DE0B-4013-FD0A-B05A-D9329D2A0FC5}.Release|Any CPU.ActiveCfg = Release|Any CPU
		{A7D2DE0B-4013-FD0A-B05A-D9329D2A0FC5}.Release|Any CPU.Build.0 = Release|Any CPU
		{DFF56031-6B62-8811-EA91-225CC2E48033}.Debug|Any CPU.ActiveCfg = Debug|Any CPU
		{DFF56031-6B62-8811-EA91-225CC2E48033}.Debug|Any CPU.Build.0 = Debug|Any CPU
		{DFF56031-6B62-8811-EA91-225CC2E48033}.Release|Any CPU.ActiveCfg = Release|Any CPU
		{DFF56031-6B62-8811-EA91-225CC2E48033}.Release|Any CPU.Build.0 = Release|Any CPU
		{265B3B2E-3A92-6D39-CC7B-C06A21D94477}.Debug|Any CPU.ActiveCfg = Debug|Any CPU
		{265B3B2E-3A92-6D39-CC7B-C06A21D94477}.Debug|Any CPU.Build.0 = Debug|Any CPU
		{265B3B2E-3A92-6D39-CC7B-C06A21D94477}.Release|Any CPU.ActiveCfg = Release|Any CPU
		{265B3B2E-3A92-6D39-CC7B-C06A21D94477}.Release|Any CPU.Build.0 = Release|Any CPU
		{4173EBE2-CB49-E2CF-BE0A-869FD175A1C7}.Debug|Any CPU.ActiveCfg = Debug|Any CPU
		{4173EBE2-CB49-E2CF-BE0A-869FD175A1C7}.Debug|Any CPU.Build.0 = Debug|Any CPU
		{4173EBE2-CB49-E2CF-BE0A-869FD175A1C7}.Release|Any CPU.ActiveCfg = Release|Any CPU
		{4173EBE2-CB49-E2CF-BE0A-869FD175A1C7}.Release|Any CPU.Build.0 = Release|Any CPU
		{01CBB368-65B6-3EEC-07BC-F1031CF5FE40}.Debug|Any CPU.ActiveCfg = Debug|Any CPU
		{01CBB368-65B6-3EEC-07BC-F1031CF5FE40}.Debug|Any CPU.Build.0 = Debug|Any CPU
		{01CBB368-65B6-3EEC-07BC-F1031CF5FE40}.Release|Any CPU.ActiveCfg = Release|Any CPU
		{01CBB368-65B6-3EEC-07BC-F1031CF5FE40}.Release|Any CPU.Build.0 = Release|Any CPU
		{E1459B55-311D-26C9-E6ED-82CA9A9CF84C}.Debug|Any CPU.ActiveCfg = Debug|Any CPU
		{E1459B55-311D-26C9-E6ED-82CA9A9CF84C}.Debug|Any CPU.Build.0 = Debug|Any CPU
		{E1459B55-311D-26C9-E6ED-82CA9A9CF84C}.Release|Any CPU.ActiveCfg = Release|Any CPU
		{E1459B55-311D-26C9-E6ED-82CA9A9CF84C}.Release|Any CPU.Build.0 = Release|Any CPU
		{1F7A9E47-199B-5505-E63D-62FE7C5889C0}.Debug|Any CPU.ActiveCfg = Debug|Any CPU
		{1F7A9E47-199B-5505-E63D-62FE7C5889C0}.Debug|Any CPU.Build.0 = Debug|Any CPU
		{1F7A9E47-199B-5505-E63D-62FE7C5889C0}.Release|Any CPU.ActiveCfg = Release|Any CPU
		{1F7A9E47-199B-5505-E63D-62FE7C5889C0}.Release|Any CPU.Build.0 = Release|Any CPU
		{2061DEB2-941B-E383-9564-545C5E776E2F}.Debug|Any CPU.ActiveCfg = Debug|Any CPU
		{2061DEB2-941B-E383-9564-545C5E776E2F}.Debug|Any CPU.Build.0 = Debug|Any CPU
		{2061DEB2-941B-E383-9564-545C5E776E2F}.Release|Any CPU.ActiveCfg = Release|Any CPU
		{2061DEB2-941B-E383-9564-545C5E776E2F}.Release|Any CPU.Build.0 = Release|Any CPU
		{377FB575-17E8-AB9B-B983-B93087CA4EB9}.Debug|Any CPU.ActiveCfg = Debug|Any CPU
		{377FB575-17E8-AB9B-B983-B93087CA4EB9}.Debug|Any CPU.Build.0 = Debug|Any CPU
		{377FB575-17E8-AB9B-B983-B93087CA4EB9}.Release|Any CPU.ActiveCfg = Release|Any CPU
		{377FB575-17E8-AB9B-B983-B93087CA4EB9}.Release|Any CPU.Build.0 = Release|Any CPU
		{C92A88D0-0FF8-480D-FDBC-4812F061E148}.Debug|Any CPU.ActiveCfg = Debug|Any CPU
		{C92A88D0-0FF8-480D-FDBC-4812F061E148}.Debug|Any CPU.Build.0 = Debug|Any CPU
		{C92A88D0-0FF8-480D-FDBC-4812F061E148}.Release|Any CPU.ActiveCfg = Release|Any CPU
		{C92A88D0-0FF8-480D-FDBC-4812F061E148}.Release|Any CPU.Build.0 = Release|Any CPU
		{C083F234-4CCD-E395-1C86-1B9279B16585}.Debug|Any CPU.ActiveCfg = Debug|Any CPU
		{C083F234-4CCD-E395-1C86-1B9279B16585}.Debug|Any CPU.Build.0 = Debug|Any CPU
		{C083F234-4CCD-E395-1C86-1B9279B16585}.Release|Any CPU.ActiveCfg = Release|Any CPU
		{C083F234-4CCD-E395-1C86-1B9279B16585}.Release|Any CPU.Build.0 = Release|Any CPU
		{FEC0E7EB-5B93-C987-830B-763D35878763}.Debug|Any CPU.ActiveCfg = Debug|Any CPU
		{FEC0E7EB-5B93-C987-830B-763D35878763}.Debug|Any CPU.Build.0 = Debug|Any CPU
		{FEC0E7EB-5B93-C987-830B-763D35878763}.Release|Any CPU.ActiveCfg = Release|Any CPU
		{FEC0E7EB-5B93-C987-830B-763D35878763}.Release|Any CPU.Build.0 = Release|Any CPU
		{471DC711-B5ED-0BD1-41E7-9525F139645B}.Debug|Any CPU.ActiveCfg = Debug|Any CPU
		{471DC711-B5ED-0BD1-41E7-9525F139645B}.Debug|Any CPU.Build.0 = Debug|Any CPU
		{471DC711-B5ED-0BD1-41E7-9525F139645B}.Release|Any CPU.ActiveCfg = Release|Any CPU
		{471DC711-B5ED-0BD1-41E7-9525F139645B}.Release|Any CPU.Build.0 = Release|Any CPU
		{8E1E41BB-82E9-A62F-E40E-E3577C61A632}.Debug|Any CPU.ActiveCfg = Debug|Any CPU
		{8E1E41BB-82E9-A62F-E40E-E3577C61A632}.Debug|Any CPU.Build.0 = Debug|Any CPU
		{8E1E41BB-82E9-A62F-E40E-E3577C61A632}.Release|Any CPU.ActiveCfg = Release|Any CPU
		{8E1E41BB-82E9-A62F-E40E-E3577C61A632}.Release|Any CPU.Build.0 = Release|Any CPU
		{893702B6-3815-5245-F066-754DA1472C31}.Debug|Any CPU.ActiveCfg = Debug|Any CPU
		{893702B6-3815-5245-F066-754DA1472C31}.Debug|Any CPU.Build.0 = Debug|Any CPU
		{893702B6-3815-5245-F066-754DA1472C31}.Release|Any CPU.ActiveCfg = Release|Any CPU
		{893702B6-3815-5245-F066-754DA1472C31}.Release|Any CPU.Build.0 = Release|Any CPU
		{F66073EF-4458-068D-2EA6-A8BFF00C447C}.Debug|Any CPU.ActiveCfg = Debug|Any CPU
		{F66073EF-4458-068D-2EA6-A8BFF00C447C}.Debug|Any CPU.Build.0 = Debug|Any CPU
		{F66073EF-4458-068D-2EA6-A8BFF00C447C}.Release|Any CPU.ActiveCfg = Release|Any CPU
		{F66073EF-4458-068D-2EA6-A8BFF00C447C}.Release|Any CPU.Build.0 = Release|Any CPU
		{B5F030DA-9705-D3DA-AC48-A2744A10CFF1}.Debug|Any CPU.ActiveCfg = Debug|Any CPU
		{B5F030DA-9705-D3DA-AC48-A2744A10CFF1}.Debug|Any CPU.Build.0 = Debug|Any CPU
		{B5F030DA-9705-D3DA-AC48-A2744A10CFF1}.Release|Any CPU.ActiveCfg = Release|Any CPU
		{B5F030DA-9705-D3DA-AC48-A2744A10CFF1}.Release|Any CPU.Build.0 = Release|Any CPU
		{B8415C0E-E19F-BFB8-7866-6400E8DED6FA}.Debug|Any CPU.ActiveCfg = Debug|Any CPU
		{B8415C0E-E19F-BFB8-7866-6400E8DED6FA}.Debug|Any CPU.Build.0 = Debug|Any CPU
		{B8415C0E-E19F-BFB8-7866-6400E8DED6FA}.Release|Any CPU.ActiveCfg = Release|Any CPU
		{B8415C0E-E19F-BFB8-7866-6400E8DED6FA}.Release|Any CPU.Build.0 = Release|Any CPU
		{C4DD014C-7AC7-1436-CE4F-CBCFC28F111E}.Debug|Any CPU.ActiveCfg = Debug|Any CPU
		{C4DD014C-7AC7-1436-CE4F-CBCFC28F111E}.Debug|Any CPU.Build.0 = Debug|Any CPU
		{C4DD014C-7AC7-1436-CE4F-CBCFC28F111E}.Release|Any CPU.ActiveCfg = Release|Any CPU
		{C4DD014C-7AC7-1436-CE4F-CBCFC28F111E}.Release|Any CPU.Build.0 = Release|Any CPU
		{B583213D-CEC8-712B-23B8-E10A5047CB47}.Debug|Any CPU.ActiveCfg = Debug|Any CPU
		{B583213D-CEC8-712B-23B8-E10A5047CB47}.Debug|Any CPU.Build.0 = Debug|Any CPU
		{B583213D-CEC8-712B-23B8-E10A5047CB47}.Release|Any CPU.ActiveCfg = Release|Any CPU
		{B583213D-CEC8-712B-23B8-E10A5047CB47}.Release|Any CPU.Build.0 = Release|Any CPU
		{AC173915-16EF-5DC8-4D79-6BA9F0C4283A}.Debug|Any CPU.ActiveCfg = Debug|Any CPU
		{AC173915-16EF-5DC8-4D79-6BA9F0C4283A}.Debug|Any CPU.Build.0 = Debug|Any CPU
		{AC173915-16EF-5DC8-4D79-6BA9F0C4283A}.Release|Any CPU.ActiveCfg = Release|Any CPU
		{AC173915-16EF-5DC8-4D79-6BA9F0C4283A}.Release|Any CPU.Build.0 = Release|Any CPU
		{2F859CD8-530F-A1AA-B79F-DAD1295377F4}.Debug|Any CPU.ActiveCfg = Debug|Any CPU
		{2F859CD8-530F-A1AA-B79F-DAD1295377F4}.Debug|Any CPU.Build.0 = Debug|Any CPU
		{2F859CD8-530F-A1AA-B79F-DAD1295377F4}.Release|Any CPU.ActiveCfg = Release|Any CPU
		{2F859CD8-530F-A1AA-B79F-DAD1295377F4}.Release|Any CPU.Build.0 = Release|Any CPU
		{CB345390-AD50-4E38-8C3D-8E91093B1C44}.Debug|Any CPU.ActiveCfg = Debug|Any CPU
		{CB345390-AD50-4E38-8C3D-8E91093B1C44}.Debug|Any CPU.Build.0 = Debug|Any CPU
		{CB345390-AD50-4E38-8C3D-8E91093B1C44}.Release|Any CPU.ActiveCfg = Release|Any CPU
		{CB345390-AD50-4E38-8C3D-8E91093B1C44}.Release|Any CPU.Build.0 = Release|Any CPU
		{B74228D1-73F5-9C0E-8694-DC9A449B517D}.Debug|Any CPU.ActiveCfg = Debug|Any CPU
		{B74228D1-73F5-9C0E-8694-DC9A449B517D}.Debug|Any CPU.Build.0 = Debug|Any CPU
		{B74228D1-73F5-9C0E-8694-DC9A449B517D}.Release|Any CPU.ActiveCfg = Release|Any CPU
		{B74228D1-73F5-9C0E-8694-DC9A449B517D}.Release|Any CPU.Build.0 = Release|Any CPU
		{18CED65A-FC3C-35BD-82FE-DC4D07FC3D6F}.Debug|Any CPU.ActiveCfg = Debug|Any CPU
		{18CED65A-FC3C-35BD-82FE-DC4D07FC3D6F}.Debug|Any CPU.Build.0 = Debug|Any CPU
		{18CED65A-FC3C-35BD-82FE-DC4D07FC3D6F}.Release|Any CPU.ActiveCfg = Release|Any CPU
		{18CED65A-FC3C-35BD-82FE-DC4D07FC3D6F}.Release|Any CPU.Build.0 = Release|Any CPU
		{6DAE343F-1007-D0C2-B380-FA695625FF18}.Debug|Any CPU.ActiveCfg = Debug|Any CPU
		{6DAE343F-1007-D0C2-B380-FA695625FF18}.Debug|Any CPU.Build.0 = Debug|Any CPU
		{6DAE343F-1007-D0C2-B380-FA695625FF18}.Release|Any CPU.ActiveCfg = Release|Any CPU
		{6DAE343F-1007-D0C2-B380-FA695625FF18}.Release|Any CPU.Build.0 = Release|Any CPU
		{9A3B00E5-D57B-2992-46A0-D14B182A2BFC}.Debug|Any CPU.ActiveCfg = Debug|Any CPU
		{9A3B00E5-D57B-2992-46A0-D14B182A2BFC}.Debug|Any CPU.Build.0 = Debug|Any CPU
		{9A3B00E5-D57B-2992-46A0-D14B182A2BFC}.Release|Any CPU.ActiveCfg = Release|Any CPU
		{9A3B00E5-D57B-2992-46A0-D14B182A2BFC}.Release|Any CPU.Build.0 = Release|Any CPU
		{7B163DEC-B896-721A-47EF-841F290543E8}.Debug|Any CPU.ActiveCfg = Debug|Any CPU
		{7B163DEC-B896-721A-47EF-841F290543E8}.Debug|Any CPU.Build.0 = Debug|Any CPU
		{7B163DEC-B896-721A-47EF-841F290543E8}.Release|Any CPU.ActiveCfg = Release|Any CPU
		{7B163DEC-B896-721A-47EF-841F290543E8}.Release|Any CPU.Build.0 = Release|Any CPU
		{C0E32D4B-F1A8-EB8F-2448-F48C4A481950}.Debug|Any CPU.ActiveCfg = Debug|Any CPU
		{C0E32D4B-F1A8-EB8F-2448-F48C4A481950}.Debug|Any CPU.Build.0 = Debug|Any CPU
		{C0E32D4B-F1A8-EB8F-2448-F48C4A481950}.Release|Any CPU.ActiveCfg = Release|Any CPU
		{C0E32D4B-F1A8-EB8F-2448-F48C4A481950}.Release|Any CPU.Build.0 = Release|Any CPU
		{D6D9A105-639C-6CF9-BF85-816DD4BCF158}.Debug|Any CPU.ActiveCfg = Debug|Any CPU
		{D6D9A105-639C-6CF9-BF85-816DD4BCF158}.Debug|Any CPU.Build.0 = Debug|Any CPU
		{D6D9A105-639C-6CF9-BF85-816DD4BCF158}.Release|Any CPU.ActiveCfg = Release|Any CPU
		{D6D9A105-639C-6CF9-BF85-816DD4BCF158}.Release|Any CPU.Build.0 = Release|Any CPU
		{A66EA879-C2CF-2AE2-66D4-310CDF392AC1}.Debug|Any CPU.ActiveCfg = Debug|Any CPU
		{A66EA879-C2CF-2AE2-66D4-310CDF392AC1}.Debug|Any CPU.Build.0 = Debug|Any CPU
		{A66EA879-C2CF-2AE2-66D4-310CDF392AC1}.Release|Any CPU.ActiveCfg = Release|Any CPU
		{A66EA879-C2CF-2AE2-66D4-310CDF392AC1}.Release|Any CPU.Build.0 = Release|Any CPU
		{2DE73C41-9CAA-1742-3A1B-D4963C12F61E}.Debug|Any CPU.ActiveCfg = Debug|Any CPU
		{2DE73C41-9CAA-1742-3A1B-D4963C12F61E}.Debug|Any CPU.Build.0 = Debug|Any CPU
		{2DE73C41-9CAA-1742-3A1B-D4963C12F61E}.Release|Any CPU.ActiveCfg = Release|Any CPU
		{2DE73C41-9CAA-1742-3A1B-D4963C12F61E}.Release|Any CPU.Build.0 = Release|Any CPU
		{72799281-85A0-9AF1-1638-4542EE8B4FF8}.Debug|Any CPU.ActiveCfg = Debug|Any CPU
		{72799281-85A0-9AF1-1638-4542EE8B4FF8}.Debug|Any CPU.Build.0 = Debug|Any CPU
		{72799281-85A0-9AF1-1638-4542EE8B4FF8}.Release|Any CPU.ActiveCfg = Release|Any CPU
		{72799281-85A0-9AF1-1638-4542EE8B4FF8}.Release|Any CPU.Build.0 = Release|Any CPU
		{FF1444B7-8453-DBFD-D964-7930F4408267}.Debug|Any CPU.ActiveCfg = Debug|Any CPU
		{FF1444B7-8453-DBFD-D964-7930F4408267}.Debug|Any CPU.Build.0 = Debug|Any CPU
		{FF1444B7-8453-DBFD-D964-7930F4408267}.Release|Any CPU.ActiveCfg = Release|Any CPU
		{FF1444B7-8453-DBFD-D964-7930F4408267}.Release|Any CPU.Build.0 = Release|Any CPU
		{C770469B-D4C2-D99B-4DE0-883D4BD7D6FE}.Debug|Any CPU.ActiveCfg = Debug|Any CPU
		{C770469B-D4C2-D99B-4DE0-883D4BD7D6FE}.Debug|Any CPU.Build.0 = Debug|Any CPU
		{C770469B-D4C2-D99B-4DE0-883D4BD7D6FE}.Release|Any CPU.ActiveCfg = Release|Any CPU
		{C770469B-D4C2-D99B-4DE0-883D4BD7D6FE}.Release|Any CPU.Build.0 = Release|Any CPU
		{B4100DA5-9870-DEA1-4CE2-8FE089D3597D}.Debug|Any CPU.ActiveCfg = Debug|Any CPU
		{B4100DA5-9870-DEA1-4CE2-8FE089D3597D}.Debug|Any CPU.Build.0 = Debug|Any CPU
		{B4100DA5-9870-DEA1-4CE2-8FE089D3597D}.Release|Any CPU.ActiveCfg = Release|Any CPU
		{B4100DA5-9870-DEA1-4CE2-8FE089D3597D}.Release|Any CPU.Build.0 = Release|Any CPU
		{869C0734-3FC7-1B1F-686C-F9FCB293682B}.Debug|Any CPU.ActiveCfg = Debug|Any CPU
		{869C0734-3FC7-1B1F-686C-F9FCB293682B}.Debug|Any CPU.Build.0 = Debug|Any CPU
		{869C0734-3FC7-1B1F-686C-F9FCB293682B}.Release|Any CPU.ActiveCfg = Release|Any CPU
		{869C0734-3FC7-1B1F-686C-F9FCB293682B}.Release|Any CPU.Build.0 = Release|Any CPU
		{E09B562E-2CAC-D9C2-F995-8A4D11696B9D}.Debug|Any CPU.ActiveCfg = Debug|Any CPU
		{E09B562E-2CAC-D9C2-F995-8A4D11696B9D}.Debug|Any CPU.Build.0 = Debug|Any CPU
		{E09B562E-2CAC-D9C2-F995-8A4D11696B9D}.Release|Any CPU.ActiveCfg = Release|Any CPU
		{E09B562E-2CAC-D9C2-F995-8A4D11696B9D}.Release|Any CPU.Build.0 = Release|Any CPU
		{9C1FDB0F-04C4-F0A5-0678-D56003B9ED38}.Debug|Any CPU.ActiveCfg = Debug|Any CPU
		{9C1FDB0F-04C4-F0A5-0678-D56003B9ED38}.Debug|Any CPU.Build.0 = Debug|Any CPU
		{9C1FDB0F-04C4-F0A5-0678-D56003B9ED38}.Release|Any CPU.ActiveCfg = Release|Any CPU
		{9C1FDB0F-04C4-F0A5-0678-D56003B9ED38}.Release|Any CPU.Build.0 = Release|Any CPU
		{09F2F83E-6094-D743-9D0A-B436C9C30551}.Debug|Any CPU.ActiveCfg = Debug|Any CPU
		{09F2F83E-6094-D743-9D0A-B436C9C30551}.Debug|Any CPU.Build.0 = Debug|Any CPU
		{09F2F83E-6094-D743-9D0A-B436C9C30551}.Release|Any CPU.ActiveCfg = Release|Any CPU
		{09F2F83E-6094-D743-9D0A-B436C9C30551}.Release|Any CPU.Build.0 = Release|Any CPU
		{2BFB3876-D9E3-6872-C197-845C8A9E65F4}.Debug|Any CPU.ActiveCfg = Debug|Any CPU
		{2BFB3876-D9E3-6872-C197-845C8A9E65F4}.Debug|Any CPU.Build.0 = Debug|Any CPU
		{2BFB3876-D9E3-6872-C197-845C8A9E65F4}.Release|Any CPU.ActiveCfg = Release|Any CPU
		{2BFB3876-D9E3-6872-C197-845C8A9E65F4}.Release|Any CPU.Build.0 = Release|Any CPU
		{854C4D08-7B97-E2BC-D936-9A4D1A82A5EF}.Debug|Any CPU.ActiveCfg = Debug|Any CPU
		{854C4D08-7B97-E2BC-D936-9A4D1A82A5EF}.Debug|Any CPU.Build.0 = Debug|Any CPU
		{854C4D08-7B97-E2BC-D936-9A4D1A82A5EF}.Release|Any CPU.ActiveCfg = Release|Any CPU
		{854C4D08-7B97-E2BC-D936-9A4D1A82A5EF}.Release|Any CPU.Build.0 = Release|Any CPU
		{1713F03E-D00F-C41B-43FA-F273641D5008}.Debug|Any CPU.ActiveCfg = Debug|Any CPU
		{1713F03E-D00F-C41B-43FA-F273641D5008}.Debug|Any CPU.Build.0 = Debug|Any CPU
		{1713F03E-D00F-C41B-43FA-F273641D5008}.Release|Any CPU.ActiveCfg = Release|Any CPU
		{1713F03E-D00F-C41B-43FA-F273641D5008}.Release|Any CPU.Build.0 = Release|Any CPU
		{448D52F3-ADEB-6531-F966-E0F466E4A1BA}.Debug|Any CPU.ActiveCfg = Debug|Any CPU
		{448D52F3-ADEB-6531-F966-E0F466E4A1BA}.Debug|Any CPU.Build.0 = Debug|Any CPU
		{448D52F3-ADEB-6531-F966-E0F466E4A1BA}.Release|Any CPU.ActiveCfg = Release|Any CPU
		{448D52F3-ADEB-6531-F966-E0F466E4A1BA}.Release|Any CPU.Build.0 = Release|Any CPU
		{62A87F01-646F-2990-95AE-886F9E390FAC}.Debug|Any CPU.ActiveCfg = Debug|Any CPU
		{62A87F01-646F-2990-95AE-886F9E390FAC}.Debug|Any CPU.Build.0 = Debug|Any CPU
		{62A87F01-646F-2990-95AE-886F9E390FAC}.Release|Any CPU.ActiveCfg = Release|Any CPU
		{62A87F01-646F-2990-95AE-886F9E390FAC}.Release|Any CPU.Build.0 = Release|Any CPU
		{A83459F8-7E49-EA39-0C13-C068D5BE1920}.Debug|Any CPU.ActiveCfg = Debug|Any CPU
		{A83459F8-7E49-EA39-0C13-C068D5BE1920}.Debug|Any CPU.Build.0 = Debug|Any CPU
		{A83459F8-7E49-EA39-0C13-C068D5BE1920}.Release|Any CPU.ActiveCfg = Release|Any CPU
		{A83459F8-7E49-EA39-0C13-C068D5BE1920}.Release|Any CPU.Build.0 = Release|Any CPU
		{1E254516-71A4-18E6-5DB2-08B9F4E71462}.Debug|Any CPU.ActiveCfg = Debug|Any CPU
		{1E254516-71A4-18E6-5DB2-08B9F4E71462}.Debug|Any CPU.Build.0 = Debug|Any CPU
		{1E254516-71A4-18E6-5DB2-08B9F4E71462}.Release|Any CPU.ActiveCfg = Release|Any CPU
		{1E254516-71A4-18E6-5DB2-08B9F4E71462}.Release|Any CPU.Build.0 = Release|Any CPU
		{3BF0EF5C-A8D9-4050-D4B6-3678DDE6E3BC}.Debug|Any CPU.ActiveCfg = Debug|Any CPU
		{3BF0EF5C-A8D9-4050-D4B6-3678DDE6E3BC}.Debug|Any CPU.Build.0 = Debug|Any CPU
		{3BF0EF5C-A8D9-4050-D4B6-3678DDE6E3BC}.Release|Any CPU.ActiveCfg = Release|Any CPU
		{3BF0EF5C-A8D9-4050-D4B6-3678DDE6E3BC}.Release|Any CPU.Build.0 = Release|Any CPU
		{0151FE3D-4DDD-0449-381D-2145EA882C30}.Debug|Any CPU.ActiveCfg = Debug|Any CPU
		{0151FE3D-4DDD-0449-381D-2145EA882C30}.Debug|Any CPU.Build.0 = Debug|Any CPU
		{0151FE3D-4DDD-0449-381D-2145EA882C30}.Release|Any CPU.ActiveCfg = Release|Any CPU
		{0151FE3D-4DDD-0449-381D-2145EA882C30}.Release|Any CPU.Build.0 = Release|Any CPU
		{40517365-12F2-8FF1-575E-24D9D8C2B656}.Debug|Any CPU.ActiveCfg = Debug|Any CPU
		{40517365-12F2-8FF1-575E-24D9D8C2B656}.Debug|Any CPU.Build.0 = Debug|Any CPU
		{40517365-12F2-8FF1-575E-24D9D8C2B656}.Release|Any CPU.ActiveCfg = Release|Any CPU
		{40517365-12F2-8FF1-575E-24D9D8C2B656}.Release|Any CPU.Build.0 = Release|Any CPU
		{0E7CD546-F6F9-5F97-E265-1C4CA373BDC7}.Debug|Any CPU.ActiveCfg = Debug|Any CPU
		{0E7CD546-F6F9-5F97-E265-1C4CA373BDC7}.Debug|Any CPU.Build.0 = Debug|Any CPU
		{0E7CD546-F6F9-5F97-E265-1C4CA373BDC7}.Release|Any CPU.ActiveCfg = Release|Any CPU
		{0E7CD546-F6F9-5F97-E265-1C4CA373BDC7}.Release|Any CPU.Build.0 = Release|Any CPU
		{0EEF1905-EFDF-1EF4-EE84-4D544050B8EE}.Debug|Any CPU.ActiveCfg = Debug|Any CPU
		{0EEF1905-EFDF-1EF4-EE84-4D544050B8EE}.Debug|Any CPU.Build.0 = Debug|Any CPU
		{0EEF1905-EFDF-1EF4-EE84-4D544050B8EE}.Release|Any CPU.ActiveCfg = Release|Any CPU
		{0EEF1905-EFDF-1EF4-EE84-4D544050B8EE}.Release|Any CPU.Build.0 = Release|Any CPU
		{009E1FFE-808F-073C-86F5-0BD2A9086400}.Debug|Any CPU.ActiveCfg = Debug|Any CPU
		{009E1FFE-808F-073C-86F5-0BD2A9086400}.Debug|Any CPU.Build.0 = Debug|Any CPU
		{009E1FFE-808F-073C-86F5-0BD2A9086400}.Release|Any CPU.ActiveCfg = Release|Any CPU
		{009E1FFE-808F-073C-86F5-0BD2A9086400}.Release|Any CPU.Build.0 = Release|Any CPU
		{608E4EEA-AFEB-C76E-CEC6-182A57CF740B}.Debug|Any CPU.ActiveCfg = Debug|Any CPU
		{608E4EEA-AFEB-C76E-CEC6-182A57CF740B}.Debug|Any CPU.Build.0 = Debug|Any CPU
		{608E4EEA-AFEB-C76E-CEC6-182A57CF740B}.Release|Any CPU.ActiveCfg = Release|Any CPU
		{608E4EEA-AFEB-C76E-CEC6-182A57CF740B}.Release|Any CPU.Build.0 = Release|Any CPU
		{EFAE8468-3B81-F22E-43C6-75365AE43166}.Debug|Any CPU.ActiveCfg = Debug|Any CPU
		{EFAE8468-3B81-F22E-43C6-75365AE43166}.Debug|Any CPU.Build.0 = Debug|Any CPU
		{EFAE8468-3B81-F22E-43C6-75365AE43166}.Release|Any CPU.ActiveCfg = Release|Any CPU
		{EFAE8468-3B81-F22E-43C6-75365AE43166}.Release|Any CPU.Build.0 = Release|Any CPU
		{7C576D08-9AB4-D6C3-1B30-2F2829147BF0}.Debug|Any CPU.ActiveCfg = Debug|Any CPU
		{7C576D08-9AB4-D6C3-1B30-2F2829147BF0}.Debug|Any CPU.Build.0 = Debug|Any CPU
		{7C576D08-9AB4-D6C3-1B30-2F2829147BF0}.Release|Any CPU.ActiveCfg = Release|Any CPU
		{7C576D08-9AB4-D6C3-1B30-2F2829147BF0}.Release|Any CPU.Build.0 = Release|Any CPU
		{CB05693E-8CFB-EFA4-562B-547EF1F82033}.Debug|Any CPU.ActiveCfg = Debug|Any CPU
		{CB05693E-8CFB-EFA4-562B-547EF1F82033}.Debug|Any CPU.Build.0 = Debug|Any CPU
		{CB05693E-8CFB-EFA4-562B-547EF1F82033}.Release|Any CPU.ActiveCfg = Release|Any CPU
		{CB05693E-8CFB-EFA4-562B-547EF1F82033}.Release|Any CPU.Build.0 = Release|Any CPU
		{7C51E795-FAC2-E57B-6351-5C37C16598D3}.Debug|Any CPU.ActiveCfg = Debug|Any CPU
		{7C51E795-FAC2-E57B-6351-5C37C16598D3}.Debug|Any CPU.Build.0 = Debug|Any CPU
		{7C51E795-FAC2-E57B-6351-5C37C16598D3}.Release|Any CPU.ActiveCfg = Release|Any CPU
		{7C51E795-FAC2-E57B-6351-5C37C16598D3}.Release|Any CPU.Build.0 = Release|Any CPU
		{7C38EDA5-7EED-AB8B-A581-4B75ECD622A4}.Debug|Any CPU.ActiveCfg = Debug|Any CPU
		{7C38EDA5-7EED-AB8B-A581-4B75ECD622A4}.Debug|Any CPU.Build.0 = Debug|Any CPU
		{7C38EDA5-7EED-AB8B-A581-4B75ECD622A4}.Release|Any CPU.ActiveCfg = Release|Any CPU
		{7C38EDA5-7EED-AB8B-A581-4B75ECD622A4}.Release|Any CPU.Build.0 = Release|Any CPU
		{A4A9D67D-B307-B04C-7915-29A6A43594D2}.Debug|Any CPU.ActiveCfg = Debug|Any CPU
		{A4A9D67D-B307-B04C-7915-29A6A43594D2}.Debug|Any CPU.Build.0 = Debug|Any CPU
		{A4A9D67D-B307-B04C-7915-29A6A43594D2}.Release|Any CPU.ActiveCfg = Release|Any CPU
		{A4A9D67D-B307-B04C-7915-29A6A43594D2}.Release|Any CPU.Build.0 = Release|Any CPU
		{9E771990-5BE1-B884-3CA8-97FD4F6661DD}.Debug|Any CPU.ActiveCfg = Debug|Any CPU
		{9E771990-5BE1-B884-3CA8-97FD4F6661DD}.Debug|Any CPU.Build.0 = Debug|Any CPU
		{9E771990-5BE1-B884-3CA8-97FD4F6661DD}.Release|Any CPU.ActiveCfg = Release|Any CPU
		{9E771990-5BE1-B884-3CA8-97FD4F6661DD}.Release|Any CPU.Build.0 = Release|Any CPU
		{DF65FABF-C440-B87D-61FE-7987A2DFFBC0}.Debug|Any CPU.ActiveCfg = Debug|Any CPU
		{DF65FABF-C440-B87D-61FE-7987A2DFFBC0}.Debug|Any CPU.Build.0 = Debug|Any CPU
		{DF65FABF-C440-B87D-61FE-7987A2DFFBC0}.Release|Any CPU.ActiveCfg = Release|Any CPU
		{DF65FABF-C440-B87D-61FE-7987A2DFFBC0}.Release|Any CPU.Build.0 = Release|Any CPU
		{CFD4412D-9CB3-FB6F-8E13-E61262FB009F}.Debug|Any CPU.ActiveCfg = Debug|Any CPU
		{CFD4412D-9CB3-FB6F-8E13-E61262FB009F}.Debug|Any CPU.Build.0 = Debug|Any CPU
		{CFD4412D-9CB3-FB6F-8E13-E61262FB009F}.Release|Any CPU.ActiveCfg = Release|Any CPU
		{CFD4412D-9CB3-FB6F-8E13-E61262FB009F}.Release|Any CPU.Build.0 = Release|Any CPU
		{5CBD3CC8-3C0A-DC43-FA8E-96E09BBE01D9}.Debug|Any CPU.ActiveCfg = Debug|Any CPU
		{5CBD3CC8-3C0A-DC43-FA8E-96E09BBE01D9}.Debug|Any CPU.Build.0 = Debug|Any CPU
		{5CBD3CC8-3C0A-DC43-FA8E-96E09BBE01D9}.Release|Any CPU.ActiveCfg = Release|Any CPU
		{5CBD3CC8-3C0A-DC43-FA8E-96E09BBE01D9}.Release|Any CPU.Build.0 = Release|Any CPU
		{5914E85C-BE7D-019D-3311-9ECF1B8E9068}.Debug|Any CPU.ActiveCfg = Debug|Any CPU
		{5914E85C-BE7D-019D-3311-9ECF1B8E9068}.Debug|Any CPU.Build.0 = Debug|Any CPU
		{5914E85C-BE7D-019D-3311-9ECF1B8E9068}.Release|Any CPU.ActiveCfg = Release|Any CPU
		{5914E85C-BE7D-019D-3311-9ECF1B8E9068}.Release|Any CPU.Build.0 = Release|Any CPU
		{A8DD7A50-4151-2BF7-0340-77D0380F5852}.Debug|Any CPU.ActiveCfg = Debug|Any CPU
		{A8DD7A50-4151-2BF7-0340-77D0380F5852}.Debug|Any CPU.Build.0 = Debug|Any CPU
		{A8DD7A50-4151-2BF7-0340-77D0380F5852}.Release|Any CPU.ActiveCfg = Release|Any CPU
		{A8DD7A50-4151-2BF7-0340-77D0380F5852}.Release|Any CPU.Build.0 = Release|Any CPU
		{F15A7F3B-EE64-F03C-C5D0-D505E641B2E4}.Debug|Any CPU.ActiveCfg = Debug|Any CPU
		{F15A7F3B-EE64-F03C-C5D0-D505E641B2E4}.Debug|Any CPU.Build.0 = Debug|Any CPU
		{F15A7F3B-EE64-F03C-C5D0-D505E641B2E4}.Release|Any CPU.ActiveCfg = Release|Any CPU
		{F15A7F3B-EE64-F03C-C5D0-D505E641B2E4}.Release|Any CPU.Build.0 = Release|Any CPU
		{E08D0F81-5C59-4610-F6EB-5CC9D6360F39}.Debug|Any CPU.ActiveCfg = Debug|Any CPU
		{E08D0F81-5C59-4610-F6EB-5CC9D6360F39}.Debug|Any CPU.Build.0 = Debug|Any CPU
		{E08D0F81-5C59-4610-F6EB-5CC9D6360F39}.Release|Any CPU.ActiveCfg = Release|Any CPU
		{E08D0F81-5C59-4610-F6EB-5CC9D6360F39}.Release|Any CPU.Build.0 = Release|Any CPU
		{4FA7AA28-487B-0306-E95D-71ED1C926B88}.Debug|Any CPU.ActiveCfg = Debug|Any CPU
		{4FA7AA28-487B-0306-E95D-71ED1C926B88}.Debug|Any CPU.Build.0 = Debug|Any CPU
		{4FA7AA28-487B-0306-E95D-71ED1C926B88}.Release|Any CPU.ActiveCfg = Release|Any CPU
		{4FA7AA28-487B-0306-E95D-71ED1C926B88}.Release|Any CPU.Build.0 = Release|Any CPU
		{5F27D703-C50E-8C1D-A181-6525B90E2632}.Debug|Any CPU.ActiveCfg = Debug|Any CPU
		{5F27D703-C50E-8C1D-A181-6525B90E2632}.Debug|Any CPU.Build.0 = Debug|Any CPU
		{5F27D703-C50E-8C1D-A181-6525B90E2632}.Release|Any CPU.ActiveCfg = Release|Any CPU
		{5F27D703-C50E-8C1D-A181-6525B90E2632}.Release|Any CPU.Build.0 = Release|Any CPU
		{06A41052-F87C-936F-65D4-A990CC34656D}.Debug|Any CPU.ActiveCfg = Debug|Any CPU
		{06A41052-F87C-936F-65D4-A990CC34656D}.Debug|Any CPU.Build.0 = Debug|Any CPU
		{06A41052-F87C-936F-65D4-A990CC34656D}.Release|Any CPU.ActiveCfg = Release|Any CPU
		{06A41052-F87C-936F-65D4-A990CC34656D}.Release|Any CPU.Build.0 = Release|Any CPU
		{DAF9EF47-6E67-A450-676A-EC6BDF94647F}.Debug|Any CPU.ActiveCfg = Debug|Any CPU
		{DAF9EF47-6E67-A450-676A-EC6BDF94647F}.Debug|Any CPU.Build.0 = Debug|Any CPU
		{DAF9EF47-6E67-A450-676A-EC6BDF94647F}.Release|Any CPU.ActiveCfg = Release|Any CPU
		{DAF9EF47-6E67-A450-676A-EC6BDF94647F}.Release|Any CPU.Build.0 = Release|Any CPU
		{D3158222-53BA-A9BA-1A84-6A1EF0A97E03}.Debug|Any CPU.ActiveCfg = Debug|Any CPU
		{D3158222-53BA-A9BA-1A84-6A1EF0A97E03}.Debug|Any CPU.Build.0 = Debug|Any CPU
		{D3158222-53BA-A9BA-1A84-6A1EF0A97E03}.Release|Any CPU.ActiveCfg = Release|Any CPU
		{D3158222-53BA-A9BA-1A84-6A1EF0A97E03}.Release|Any CPU.Build.0 = Release|Any CPU
		{D11F93C2-1F37-6A46-CEF2-FD65AFAE7E66}.Debug|Any CPU.ActiveCfg = Debug|Any CPU
		{D11F93C2-1F37-6A46-CEF2-FD65AFAE7E66}.Debug|Any CPU.Build.0 = Debug|Any CPU
		{D11F93C2-1F37-6A46-CEF2-FD65AFAE7E66}.Release|Any CPU.ActiveCfg = Release|Any CPU
		{D11F93C2-1F37-6A46-CEF2-FD65AFAE7E66}.Release|Any CPU.Build.0 = Release|Any CPU
		{22F9DF76-9720-13C3-4031-B8AD54025DE3}.Debug|Any CPU.ActiveCfg = Debug|Any CPU
		{22F9DF76-9720-13C3-4031-B8AD54025DE3}.Debug|Any CPU.Build.0 = Debug|Any CPU
		{22F9DF76-9720-13C3-4031-B8AD54025DE3}.Release|Any CPU.ActiveCfg = Release|Any CPU
		{22F9DF76-9720-13C3-4031-B8AD54025DE3}.Release|Any CPU.Build.0 = Release|Any CPU
		{83979031-E0B0-B064-0D83-69F6CF7B382D}.Debug|Any CPU.ActiveCfg = Debug|Any CPU
		{83979031-E0B0-B064-0D83-69F6CF7B382D}.Debug|Any CPU.Build.0 = Debug|Any CPU
		{83979031-E0B0-B064-0D83-69F6CF7B382D}.Release|Any CPU.ActiveCfg = Release|Any CPU
		{83979031-E0B0-B064-0D83-69F6CF7B382D}.Release|Any CPU.Build.0 = Release|Any CPU
		{2E27776C-09C5-5FF8-935C-53F01D1E91D4}.Debug|Any CPU.ActiveCfg = Debug|Any CPU
		{2E27776C-09C5-5FF8-935C-53F01D1E91D4}.Debug|Any CPU.Build.0 = Debug|Any CPU
		{2E27776C-09C5-5FF8-935C-53F01D1E91D4}.Release|Any CPU.ActiveCfg = Release|Any CPU
		{2E27776C-09C5-5FF8-935C-53F01D1E91D4}.Release|Any CPU.Build.0 = Release|Any CPU
		{3431A732-D10B-BB40-21D2-5D93C4FC3A15}.Debug|Any CPU.ActiveCfg = Debug|Any CPU
		{3431A732-D10B-BB40-21D2-5D93C4FC3A15}.Debug|Any CPU.Build.0 = Debug|Any CPU
		{3431A732-D10B-BB40-21D2-5D93C4FC3A15}.Release|Any CPU.ActiveCfg = Release|Any CPU
		{3431A732-D10B-BB40-21D2-5D93C4FC3A15}.Release|Any CPU.Build.0 = Release|Any CPU
		{8F14B4CA-32BD-6E62-22DC-119E20310475}.Debug|Any CPU.ActiveCfg = Debug|Any CPU
		{8F14B4CA-32BD-6E62-22DC-119E20310475}.Debug|Any CPU.Build.0 = Debug|Any CPU
		{8F14B4CA-32BD-6E62-22DC-119E20310475}.Release|Any CPU.ActiveCfg = Release|Any CPU
		{8F14B4CA-32BD-6E62-22DC-119E20310475}.Release|Any CPU.Build.0 = Release|Any CPU
		{2353BF1B-404E-28EB-01BF-98C07AFCC5C7}.Debug|Any CPU.ActiveCfg = Debug|Any CPU
		{2353BF1B-404E-28EB-01BF-98C07AFCC5C7}.Debug|Any CPU.Build.0 = Debug|Any CPU
		{2353BF1B-404E-28EB-01BF-98C07AFCC5C7}.Release|Any CPU.ActiveCfg = Release|Any CPU
		{2353BF1B-404E-28EB-01BF-98C07AFCC5C7}.Release|Any CPU.Build.0 = Release|Any CPU
		{E3B2D631-FB6E-9D9E-5917-4F296F4D7047}.Debug|Any CPU.ActiveCfg = Debug|Any CPU
		{E3B2D631-FB6E-9D9E-5917-4F296F4D7047}.Debug|Any CPU.Build.0 = Debug|Any CPU
		{E3B2D631-FB6E-9D9E-5917-4F296F4D7047}.Release|Any CPU.ActiveCfg = Release|Any CPU
		{E3B2D631-FB6E-9D9E-5917-4F296F4D7047}.Release|Any CPU.Build.0 = Release|Any CPU
		{7BA68E5F-7B5B-2952-0ABF-01C9C4B4A366}.Debug|Any CPU.ActiveCfg = Debug|Any CPU
		{7BA68E5F-7B5B-2952-0ABF-01C9C4B4A366}.Debug|Any CPU.Build.0 = Debug|Any CPU
		{7BA68E5F-7B5B-2952-0ABF-01C9C4B4A366}.Release|Any CPU.ActiveCfg = Release|Any CPU
		{7BA68E5F-7B5B-2952-0ABF-01C9C4B4A366}.Release|Any CPU.Build.0 = Release|Any CPU
	EndGlobalSection
	GlobalSection(SolutionProperties) = preSolution
		HideSolutionNode = FALSE
	EndGlobalSection
EndGlobal
