
Microsoft Visual Studio Solution File, Format Version 11.00
# Visual Studio 2010
Project("{FAE04EC0-301F-11D3-BF4B-00C04F79EFBC}") = "UnityEngine.UI", "UnityEngine.UI.csproj", "{76be7142-a4e6-70ed-8fbe-d1a45c92da49}"
EndProject
Project("{FAE04EC0-301F-11D3-BF4B-00C04F79EFBC}") = "UnityEngine.SpatialTracking", "UnityEngine.SpatialTracking.csproj", "{1f170376-8441-50c3-03ba-95ee2765a618}"
EndProject
Project("{FAE04EC0-301F-11D3-BF4B-00C04F79EFBC}") = "Unity.XR.OpenXR", "Unity.XR.OpenXR.csproj", "{b6023789-1538-4552-f066-754da1472c31}"
EndProject
Project("{FAE04EC0-301F-11D3-BF4B-00C04F79EFBC}") = "UnityEngine.TestRunner", "UnityEngine.TestRunner.csproj", "{7c0e1ad1-f305-8fa4-d2be-25d0cee42c5a}"
EndProject
Project("{FAE04EC0-301F-11D3-BF4B-00C04F79EFBC}") = "Unity.VisualScripting.Flow", "Unity.VisualScripting.Flow.csproj", "{68b3cb01-b665-ec3e-07bc-f1031cf5fe40}"
EndProject
Project("{FAE04EC0-301F-11D3-BF4B-00C04F79EFBC}") = "Unity.XR.Interaction.Toolkit", "Unity.XR.Interaction.Toolkit.csproj", "{cb89b480-f06c-7efd-bb2c-41dd8f3205ed}"
EndProject
Project("{FAE04EC0-301F-11D3-BF4B-00C04F79EFBC}") = "Unity.Mathematics", "Unity.Mathematics.csproj", "{da30f0b5-0597-dad3-ac48-a2744a10cff1}"
EndProject
Project("{FAE04EC0-301F-11D3-BF4B-00C04F79EFBC}") = "Unity.InputSystem", "Unity.InputSystem.csproj", "{0bded2a7-1340-0afd-b05a-d9329d2a0fc5}"
EndProject
Project("{FAE04EC0-301F-11D3-BF4B-00C04F79EFBC}") = "Unity.VisualScripting.State", "Unity.VisualScripting.State.csproj", "{3160f5df-626b-1188-ea91-225cc2e48033}"
EndProject
Project("{FAE04EC0-301F-11D3-BF4B-00C04F79EFBC}") = "Unity.VisualScripting.Core", "Unity.VisualScripting.Core.csproj", "{559b45e1-1d31-c926-e6ed-82ca9a9cf84c}"
EndProject
Project("{FAE04EC0-301F-11D3-BF4B-00C04F79EFBC}") = "Unity.XR.Content.Interaction", "Unity.XR.Content.Interaction.csproj", "{ebe7c0fe-935b-87c9-830b-763d35878763}"
EndProject
Project("{FAE04EC0-301F-11D3-BF4B-00C04F79EFBC}") = "UnityEngine.XR.LegacyInputHelpers", "UnityEngine.XR.LegacyInputHelpers.csproj", "{905334cb-50ad-384e-8c3d-8e91093b1c44}"
EndProject
Project("{FAE04EC0-301F-11D3-BF4B-00C04F79EFBC}") = "Unity.XR.Oculus", "Unity.XR.Oculus.csproj", "{479e7a1f-9b19-0555-e63d-62fe7c5889c0}"
EndProject
Project("{FAE04EC0-301F-11D3-BF4B-00C04F79EFBC}") = "Unity.TextMeshPro", "Unity.TextMeshPro.csproj", "{b2de6120-1b94-83e3-9564-545c5e776e2f}"
EndProject
Project("{FAE04EC0-301F-11D3-BF4B-00C04F79EFBC}") = "Unity.Timeline", "Unity.Timeline.csproj", "{ef7360f6-5844-8d06-2ea6-a8bff00c447c}"
EndProject
Project("{FAE04EC0-301F-11D3-BF4B-00C04F79EFBC}") = "Unity.XR.CoreUtils", "Unity.XR.CoreUtils.csproj", "{bb411e8e-e982-2fa6-e40e-e3577c61a632}"
EndProject
Project("{FAE04EC0-301F-11D3-BF4B-00C04F79EFBC}") = "Unity.InputSystem.ForUI", "Unity.InputSystem.ForUI.csproj", "{05a1d9d6-9c63-f96c-bf85-816dd4bcf158}"
EndProject
Project("{FAE04EC0-301F-11D3-BF4B-00C04F79EFBC}") = "Assembly-CSharp", "Assembly-CSharp.csproj", "{34f283c0-cd4c-95e3-1c86-1b9279b16585}"
EndProject
Project("{FAE04EC0-301F-11D3-BF4B-00C04F79EFBC}") = "Unity.XR.Hands", "Unity.XR.Hands.csproj", "{11c71d47-edb5-d10b-41e7-9525f139645b}"
EndProject
Project("{FAE04EC0-301F-11D3-BF4B-00C04F79EFBC}") = "Unity.XR.Content.Interaction.Analytics", "Unity.XR.Content.Interaction.Analytics.csproj", "{4c01ddc4-c77a-3614-ce4f-cbcfc28f111e}"
EndProject
Project("{FAE04EC0-301F-11D3-BF4B-00C04F79EFBC}") = "Unity.XR.Management", "Unity.XR.Management.csproj", "{153917ac-ef16-c85d-4d79-6ba9f0c4283a}"
EndProject
Project("{FAE04EC0-301F-11D3-BF4B-00C04F79EFBC}") = "Unity.XR.Hands.Samples.VisualizerSample", "Unity.XR.Hands.Samples.VisualizerSample.csproj", "{0e5c41b8-9fe1-b8bf-7866-6400e8ded6fa}"
EndProject
Project("{FAE04EC0-301F-11D3-BF4B-00C04F79EFBC}") = "Unity.XR.Interaction.Toolkit.Samples.StarterAssets", "Unity.XR.Interaction.Toolkit.Samples.StarterAssets.csproj", "{d12842b7-f573-0e9c-8694-dc9a449b517d}"
EndProject
Project("{FAE04EC0-301F-11D3-BF4B-00C04F79EFBC}") = "Unity.InputSystem.TestFramework", "Unity.InputSystem.TestFramework.csproj", "{79a86ea6-cfc2-e22a-66d4-310cdf392ac1}"
EndProject
Project("{FAE04EC0-301F-11D3-BF4B-00C04F79EFBC}") = "Unity.XR.Interaction.Toolkit.Samples.DeviceSimulator", "Unity.XR.Interaction.Toolkit.Samples.DeviceSimulator.csproj", "{3d2183b5-c8ce-2b71-23b8-e10a5047cb47}"
EndProject
Project("{FAE04EC0-301F-11D3-BF4B-00C04F79EFBC}") = "Unity.XR.OpenXR.Features.RuntimeDebugger", "Unity.XR.OpenXR.Features.RuntimeDebugger.csproj", "{81927972-a085-f19a-1638-4542ee8b4ff8}"
EndProject
Project("{FAE04EC0-301F-11D3-BF4B-00C04F79EFBC}") = "Unity.XR.Interaction.Toolkit.Samples.Hands", "Unity.XR.Interaction.Toolkit.Samples.Hands.csproj", "{d89c852f-0f53-aaa1-b79f-dad1295377f4}"
EndProject
Project("{FAE04EC0-301F-11D3-BF4B-00C04F79EFBC}") = "Unity.Tutorials.Core", "Unity.Tutorials.Core.csproj", "{5ad6ce18-3cfc-bd35-82fe-dc4d07fc3d6f}"
EndProject
Project("{FAE04EC0-301F-11D3-BF4B-00C04F79EFBC}") = "Unity.XR.OpenXR.Features.ConformanceAutomation", "Unity.XR.OpenXR.Features.ConformanceAutomation.csproj", "{3f34ae6d-0710-c2d0-b380-fa695625ff18}"
EndProject
Project("{FAE04EC0-301F-11D3-BF4B-00C04F79EFBC}") = "Unity.XR.OpenXR.Features.MockRuntime", "Unity.XR.OpenXR.Features.MockRuntime.csproj", "{e5003b9a-7bd5-9229-46a0-d14b182a2bfc}"
EndProject
Project("{FAE04EC0-301F-11D3-BF4B-00C04F79EFBC}") = "Unity.XR.OpenXR.Features.MetaQuestSupport", "Unity.XR.OpenXR.Features.MetaQuestSupport.csproj", "{ec3d167b-96b8-1a72-47ef-841f290543e8}"
EndProject
Project("{FAE04EC0-301F-11D3-BF4B-00C04F79EFBC}") = "Unity.XR.OpenXR.Features.OculusQuestSupport", "Unity.XR.OpenXR.Features.OculusQuestSupport.csproj", "{9b4670c7-c2d4-9bd9-4de0-883d4bd7d6fe}"
EndProject
Project("{FAE04EC0-301F-11D3-BF4B-00C04F79EFBC}") = "Unity.RenderPipelines.Core.Runtime", "Unity.RenderPipelines.Core.Runtime.csproj", "{7f4f8092-0e49-fa63-aaec-bb2924241e47}"
EndProject
Project("{FAE04EC0-301F-11D3-BF4B-00C04F79EFBC}") = "Unity.RenderPipelines.Core.ShaderLibrary", "Unity.RenderPipelines.Core.ShaderLibrary.csproj", "{413ce72d-aa9c-4217-3a1b-d4963c12f61e}"
EndProject
Project("{FAE04EC0-301F-11D3-BF4B-00C04F79EFBC}") = "Unity.RenderPipelines.ShaderGraph.ShaderGraphLibrary", "Unity.RenderPipelines.ShaderGraph.ShaderGraphLibrary.csproj", "{4b2de3c0-a8f1-8feb-2448-f48c4a481950}"
EndProject
Project("{FAE04EC0-301F-11D3-BF4B-00C04F79EFBC}") = "Unity.Tutorials.Core.Editor", "Unity.Tutorials.Core.Editor.csproj", "{1645251e-a471-e618-5db2-08b9f4e71462}"
EndProject
Project("{FAE04EC0-301F-11D3-BF4B-00C04F79EFBC}") = "Unity.VisualScripting.Core.Editor", "Unity.VisualScripting.Core.Editor.csproj", "{a50d10b4-7098-a1de-4ce2-8fe089d3597d}"
EndProject
Project("{FAE04EC0-301F-11D3-BF4B-00C04F79EFBC}") = "Unity.XR.OpenXR.Editor", "Unity.XR.OpenXR.Editor.csproj", "{bffa65df-40c4-7db8-61fe-7987a2dffbc0}"
EndProject
Project("{FAE04EC0-301F-11D3-BF4B-00C04F79EFBC}") = "Unity.VisualScripting.Flow.Editor", "Unity.VisualScripting.Flow.Editor.csproj", "{017fa862-6f64-9029-95ae-886f9e390fac}"
EndProject
Project("{FAE04EC0-301F-11D3-BF4B-00C04F79EFBC}") = "Unity.VisualStudio.Editor", "Unity.VisualStudio.Editor.csproj", "{3e6905cb-fb8c-a4ef-562b-547ef1f82033}"
EndProject
Project("{FAE04EC0-301F-11D3-BF4B-00C04F79EFBC}") = "Unity.Timeline.Editor", "Unity.Timeline.Editor.csproj", "{2e569be0-ac2c-c2d9-f995-8a4d11696b9d}"
EndProject
Project("{FAE04EC0-301F-11D3-BF4B-00C04F79EFBC}") = "Unity.VisualScripting.State.Editor", "Unity.VisualScripting.State.Editor.csproj", "{2d41d4cf-b39c-6ffb-8e13-e61262fb009f}"
EndProject
Project("{FAE04EC0-301F-11D3-BF4B-00C04F79EFBC}") = "Unity.XR.Interaction.Toolkit.Editor", "Unity.XR.Interaction.Toolkit.Editor.csproj", "{3ef8f209-9460-43d7-9d0a-b436c9c30551}"
EndProject
Project("{FAE04EC0-301F-11D3-BF4B-00C04F79EFBC}") = "Unity.TextMeshPro.Editor", "Unity.TextMeshPro.Editor.csproj", "{7638fb2b-e3d9-7268-c197-845c8a9e65f4}"
EndProject
Project("{FAE04EC0-301F-11D3-BF4B-00C04F79EFBC}") = "UnityEditor.TestRunner", "UnityEditor.TestRunner.csproj", "{3ef01317-0fd0-1bc4-43fa-f273641d5008}"
EndProject
Project("{FAE04EC0-301F-11D3-BF4B-00C04F79EFBC}") = "Unity.VisualScripting.SettingsProvider.Editor", "Unity.VisualScripting.SettingsProvider.Editor.csproj", "{084d4c85-977b-bce2-d936-9a4d1a82a5ef}"
EndProject
Project("{FAE04EC0-301F-11D3-BF4B-00C04F79EFBC}") = "Unity.TestTools.CodeCoverage.Editor", "Unity.TestTools.CodeCoverage.Editor.csproj", "{f3528d44-ebad-3165-f966-e0f466e4a1ba}"
EndProject
Project("{FAE04EC0-301F-11D3-BF4B-00C04F79EFBC}") = "Unity.Rider.Editor", "Unity.Rider.Editor.csproj", "{f85934a8-497e-39ea-0c13-c068d5be1920}"
EndProject
Project("{FAE04EC0-301F-11D3-BF4B-00C04F79EFBC}") = "Unity.InternalAPIEditorBridge.007", "Unity.InternalAPIEditorBridge.007.csproj", "{ea4e8e60-ebaf-6ec7-cec6-182a57cf740b}"
EndProject
Project("{FAE04EC0-301F-11D3-BF4B-00C04F79EFBC}") = "Unity.XR.CoreUtils.Editor", "Unity.XR.CoreUtils.Editor.csproj", "{5ce81459-7dbe-9d01-3311-9ecf1b8e9068}"
EndProject
Project("{FAE04EC0-301F-11D3-BF4B-00C04F79EFBC}") = "Unity.Performance.Profile-Analyzer.Editor", "Unity.Performance.Profile-Analyzer.Editor.csproj", "{5ceff03b-d9a8-5040-d4b6-3678dde6e3bc}"
EndProject
Project("{FAE04EC0-301F-11D3-BF4B-00C04F79EFBC}") = "Unity.XR.Hands.Editor", "Unity.XR.Hands.Editor.csproj", "{65735140-f212-f18f-575e-24d9d8c2b656}"
EndProject
Project("{FAE04EC0-301F-11D3-BF4B-00C04F79EFBC}") = "Unity.XR.Management.Samples", "Unity.XR.Management.Samples.csproj", "{6c77272e-c509-f85f-935c-53f01d1e91d4}"
EndProject
Project("{FAE04EC0-301F-11D3-BF4B-00C04F79EFBC}") = "Unity.XR.OpenXR.Features.OculusQuestSupport.Editor", "Unity.XR.OpenXR.Features.OculusQuestSupport.Editor.csproj", "{fe1f9e00-8f80-3c07-86f5-0bd2a9086400}"
EndProject
Project("{FAE04EC0-301F-11D3-BF4B-00C04F79EFBC}") = "Unity.XR.Management.Editor", "Unity.XR.Management.Editor.csproj", "{6884aeef-813b-2ef2-43c6-75365ae43166}"
EndProject
Project("{FAE04EC0-301F-11D3-BF4B-00C04F79EFBC}") = "Unity.VSCode.Editor", "Unity.VSCode.Editor.csproj", "{086d577c-b49a-c3d6-1b30-2f2829147bf0}"
EndProject
Project("{FAE04EC0-301F-11D3-BF4B-00C04F79EFBC}") = "UnityEditor.UI", "UnityEditor.UI.csproj", "{c83cbd5c-0a3c-43dc-fa8e-96e09bbe01d9}"
EndProject
Project("{FAE04EC0-301F-11D3-BF4B-00C04F79EFBC}") = "Unity.TestTools.CodeCoverage.Editor.OpenCover.Model", "Unity.TestTools.CodeCoverage.Editor.OpenCover.Model.csproj", "{95e7517c-c2fa-7be5-6351-5c37c16598d3}"
EndProject
Project("{FAE04EC0-301F-11D3-BF4B-00C04F79EFBC}") = "Unity.EditorCoroutines.Editor", "Unity.EditorCoroutines.Editor.csproj", "{32a73134-0bd1-40bb-21d2-5d93c4fc3a15}"
EndProject
Project("{FAE04EC0-301F-11D3-BF4B-00C04F79EFBC}") = "Unity.Settings.Editor", "Unity.Settings.Editor.csproj", "{a5ed387c-ed7e-8bab-a581-4b75ecd622a4}"
EndProject
Project("{FAE04EC0-301F-11D3-BF4B-00C04F79EFBC}") = "UnityEditor.SpatialTracking", "UnityEditor.SpatialTracking.csproj", "{7dd6a9a4-07b3-4cb0-7915-29a6a43594d2}"
EndProject
Project("{FAE04EC0-301F-11D3-BF4B-00C04F79EFBC}") = "Unity.Mathematics.Editor", "Unity.Mathematics.Editor.csproj", "{76dff922-2097-c313-4031-b8ad54025de3}"
EndProject
Project("{FAE04EC0-301F-11D3-BF4B-00C04F79EFBC}") = "UnityEditor.XR.LegacyInputHelpers", "UnityEditor.XR.LegacyInputHelpers.csproj", "{507adda8-5141-f72b-0340-77d0380f5852}"
EndProject
Project("{FAE04EC0-301F-11D3-BF4B-00C04F79EFBC}") = "Unity.XR.Oculus.Editor", "Unity.XR.Oculus.Editor.csproj", "{5210a406-7cf8-6f93-65d4-a990cc34656d}"
EndProject
Project("{FAE04EC0-301F-11D3-BF4B-00C04F79EFBC}") = "Unity.InternalAPIEngineBridge.007", "Unity.InternalAPIEngineBridge.007.csproj", "{1bbf5323-4e40-eb28-01bf-98c07afcc5c7}"
EndProject
Project("{FAE04EC0-301F-11D3-BF4B-00C04F79EFBC}") = "Unity.XR.Management.Samples.Editor", "Unity.XR.Management.Samples.Editor.csproj", "{28aaa74f-7b48-0603-e95d-71ed1c926b88}"
EndProject
Project("{FAE04EC0-301F-11D3-BF4B-00C04F79EFBC}") = "Unity.XR.OpenXR.Features.RuntimeDebugger.Editor", "Unity.XR.OpenXR.Features.RuntimeDebugger.Editor.csproj", "{03d7275f-0ec5-1d8c-a181-6525b90e2632}"
EndProject
Project("{FAE04EC0-301F-11D3-BF4B-00C04F79EFBC}") = "Unity.XR.OpenXR.Features.MetaQuestSupport.Editor", "Unity.XR.OpenXR.Features.MetaQuestSupport.Editor.csproj", "{c2931fd1-371f-466a-cef2-fd65afae7e66}"
EndProject
Project("{FAE04EC0-301F-11D3-BF4B-00C04F79EFBC}") = "Unity.XR.Interaction.Toolkit.Samples.Hands.Editor", "Unity.XR.Interaction.Toolkit.Samples.Hands.Editor.csproj", "{47eff9da-676e-50a4-676a-ec6bdf94647f}"
EndProject
Project("{FAE04EC0-301F-11D3-BF4B-00C04F79EFBC}") = "Unity.TestTools.CodeCoverage.Editor.OpenCover.Mono.Reflection", "Unity.TestTools.CodeCoverage.Editor.OpenCover.Mono.Reflection.csproj", "{31909783-b0e0-64b0-0d83-69f6cf7b382d}"
EndProject
Project("{FAE04EC0-301F-11D3-BF4B-00C04F79EFBC}") = "Unity.VisualScripting.Shared.Editor", "Unity.VisualScripting.Shared.Editor.csproj", "{31d6b2e3-6efb-9e9d-5917-4f296f4d7047}"
EndProject
Project("{FAE04EC0-301F-11D3-BF4B-00C04F79EFBC}") = "Unity.XR.Interaction.Toolkit.Samples.StarterAssets.Editor", "Unity.XR.Interaction.Toolkit.Samples.StarterAssets.Editor.csproj", "{5f8ea67b-5b7b-5229-0abf-01c9c4b4a366}"
EndProject
Project("{FAE04EC0-301F-11D3-BF4B-00C04F79EFBC}") = "Unity.ShaderGraph.Editor", "Unity.ShaderGraph.Editor.csproj", "{34079c86-c73f-1f1b-686c-f9fcb293682b}"
EndProject
Project("{FAE04EC0-301F-11D3-BF4B-00C04F79EFBC}") = "Unity.RenderPipelines.Core.Editor", "Unity.RenderPipelines.Core.Editor.csproj", "{3dfe5101-dd4d-4904-381d-2145ea882c30}"
EndProject
Project("{FAE04EC0-301F-11D3-BF4B-00C04F79EFBC}") = "Unity.ShaderGraph.Utilities", "Unity.ShaderGraph.Utilities.csproj", "{228215d3-ba53-baa9-1a84-6a1ef0a97e03}"
EndProject
Project("{FAE04EC0-301F-11D3-BF4B-00C04F79EFBC}") = "Unity.Searcher.Editor", "Unity.Searcher.Editor.csproj", "{3b7f5af1-64ee-3cf0-c5d0-d505e641b2e4}"
EndProject
Global
	GlobalSection(SolutionConfigurationPlatforms) = preSolution
		Debug|Any CPU = Debug|Any CPU
	EndGlobalSection
	GlobalSection(ProjectConfigurationPlatforms) = postSolution
		{76be7142-a4e6-70ed-8fbe-d1a45c92da49}.Debug|Any CPU.ActiveCfg = Debug|Any CPU
		{76be7142-a4e6-70ed-8fbe-d1a45c92da49}.Debug|Any CPU.Build.0 = Debug|Any CPU
		{1f170376-8441-50c3-03ba-95ee2765a618}.Debug|Any CPU.ActiveCfg = Debug|Any CPU
		{1f170376-8441-50c3-03ba-95ee2765a618}.Debug|Any CPU.Build.0 = Debug|Any CPU
		{b6023789-1538-4552-f066-754da1472c31}.Debug|Any CPU.ActiveCfg = Debug|Any CPU
		{b6023789-1538-4552-f066-754da1472c31}.Debug|Any CPU.Build.0 = Debug|Any CPU
		{7c0e1ad1-f305-8fa4-d2be-25d0cee42c5a}.Debug|Any CPU.ActiveCfg = Debug|Any CPU
		{7c0e1ad1-f305-8fa4-d2be-25d0cee42c5a}.Debug|Any CPU.Build.0 = Debug|Any CPU
		{68b3cb01-b665-ec3e-07bc-f1031cf5fe40}.Debug|Any CPU.ActiveCfg = Debug|Any CPU
		{68b3cb01-b665-ec3e-07bc-f1031cf5fe40}.Debug|Any CPU.Build.0 = Debug|Any CPU
		{cb89b480-f06c-7efd-bb2c-41dd8f3205ed}.Debug|Any CPU.ActiveCfg = Debug|Any CPU
		{cb89b480-f06c-7efd-bb2c-41dd8f3205ed}.Debug|Any CPU.Build.0 = Debug|Any CPU
		{da30f0b5-0597-dad3-ac48-a2744a10cff1}.Debug|Any CPU.ActiveCfg = Debug|Any CPU
		{da30f0b5-0597-dad3-ac48-a2744a10cff1}.Debug|Any CPU.Build.0 = Debug|Any CPU
		{0bded2a7-1340-0afd-b05a-d9329d2a0fc5}.Debug|Any CPU.ActiveCfg = Debug|Any CPU
		{0bded2a7-1340-0afd-b05a-d9329d2a0fc5}.Debug|Any CPU.Build.0 = Debug|Any CPU
		{3160f5df-626b-1188-ea91-225cc2e48033}.Debug|Any CPU.ActiveCfg = Debug|Any CPU
		{3160f5df-626b-1188-ea91-225cc2e48033}.Debug|Any CPU.Build.0 = Debug|Any CPU
		{559b45e1-1d31-c926-e6ed-82ca9a9cf84c}.Debug|Any CPU.ActiveCfg = Debug|Any CPU
		{559b45e1-1d31-c926-e6ed-82ca9a9cf84c}.Debug|Any CPU.Build.0 = Debug|Any CPU
		{ebe7c0fe-935b-87c9-830b-763d35878763}.Debug|Any CPU.ActiveCfg = Debug|Any CPU
		{ebe7c0fe-935b-87c9-830b-763d35878763}.Debug|Any CPU.Build.0 = Debug|Any CPU
		{905334cb-50ad-384e-8c3d-8e91093b1c44}.Debug|Any CPU.ActiveCfg = Debug|Any CPU
		{905334cb-50ad-384e-8c3d-8e91093b1c44}.Debug|Any CPU.Build.0 = Debug|Any CPU
		{479e7a1f-9b19-0555-e63d-62fe7c5889c0}.Debug|Any CPU.ActiveCfg = Debug|Any CPU
		{479e7a1f-9b19-0555-e63d-62fe7c5889c0}.Debug|Any CPU.Build.0 = Debug|Any CPU
		{b2de6120-1b94-83e3-9564-545c5e776e2f}.Debug|Any CPU.ActiveCfg = Debug|Any CPU
		{b2de6120-1b94-83e3-9564-545c5e776e2f}.Debug|Any CPU.Build.0 = Debug|Any CPU
		{ef7360f6-5844-8d06-2ea6-a8bff00c447c}.Debug|Any CPU.ActiveCfg = Debug|Any CPU
		{ef7360f6-5844-8d06-2ea6-a8bff00c447c}.Debug|Any CPU.Build.0 = Debug|Any CPU
		{bb411e8e-e982-2fa6-e40e-e3577c61a632}.Debug|Any CPU.ActiveCfg = Debug|Any CPU
		{bb411e8e-e982-2fa6-e40e-e3577c61a632}.Debug|Any CPU.Build.0 = Debug|Any CPU
		{05a1d9d6-9c63-f96c-bf85-816dd4bcf158}.Debug|Any CPU.ActiveCfg = Debug|Any CPU
		{05a1d9d6-9c63-f96c-bf85-816dd4bcf158}.Debug|Any CPU.Build.0 = Debug|Any CPU
		{34f283c0-cd4c-95e3-1c86-1b9279b16585}.Debug|Any CPU.ActiveCfg = Debug|Any CPU
		{34f283c0-cd4c-95e3-1c86-1b9279b16585}.Debug|Any CPU.Build.0 = Debug|Any CPU
		{11c71d47-edb5-d10b-41e7-9525f139645b}.Debug|Any CPU.ActiveCfg = Debug|Any CPU
		{11c71d47-edb5-d10b-41e7-9525f139645b}.Debug|Any CPU.Build.0 = Debug|Any CPU
		{4c01ddc4-c77a-3614-ce4f-cbcfc28f111e}.Debug|Any CPU.ActiveCfg = Debug|Any CPU
		{4c01ddc4-c77a-3614-ce4f-cbcfc28f111e}.Debug|Any CPU.Build.0 = Debug|Any CPU
		{153917ac-ef16-c85d-4d79-6ba9f0c4283a}.Debug|Any CPU.ActiveCfg = Debug|Any CPU
		{153917ac-ef16-c85d-4d79-6ba9f0c4283a}.Debug|Any CPU.Build.0 = Debug|Any CPU
		{0e5c41b8-9fe1-b8bf-7866-6400e8ded6fa}.Debug|Any CPU.ActiveCfg = Debug|Any CPU
		{0e5c41b8-9fe1-b8bf-7866-6400e8ded6fa}.Debug|Any CPU.Build.0 = Debug|Any CPU
		{d12842b7-f573-0e9c-8694-dc9a449b517d}.Debug|Any CPU.ActiveCfg = Debug|Any CPU
		{d12842b7-f573-0e9c-8694-dc9a449b517d}.Debug|Any CPU.Build.0 = Debug|Any CPU
		{79a86ea6-cfc2-e22a-66d4-310cdf392ac1}.Debug|Any CPU.ActiveCfg = Debug|Any CPU
		{79a86ea6-cfc2-e22a-66d4-310cdf392ac1}.Debug|Any CPU.Build.0 = Debug|Any CPU
		{3d2183b5-c8ce-2b71-23b8-e10a5047cb47}.Debug|Any CPU.ActiveCfg = Debug|Any CPU
		{3d2183b5-c8ce-2b71-23b8-e10a5047cb47}.Debug|Any CPU.Build.0 = Debug|Any CPU
		{81927972-a085-f19a-1638-4542ee8b4ff8}.Debug|Any CPU.ActiveCfg = Debug|Any CPU
		{81927972-a085-f19a-1638-4542ee8b4ff8}.Debug|Any CPU.Build.0 = Debug|Any CPU
		{d89c852f-0f53-aaa1-b79f-dad1295377f4}.Debug|Any CPU.ActiveCfg = Debug|Any CPU
		{d89c852f-0f53-aaa1-b79f-dad1295377f4}.Debug|Any CPU.Build.0 = Debug|Any CPU
		{5ad6ce18-3cfc-bd35-82fe-dc4d07fc3d6f}.Debug|Any CPU.ActiveCfg = Debug|Any CPU
		{5ad6ce18-3cfc-bd35-82fe-dc4d07fc3d6f}.Debug|Any CPU.Build.0 = Debug|Any CPU
		{3f34ae6d-0710-c2d0-b380-fa695625ff18}.Debug|Any CPU.ActiveCfg = Debug|Any CPU
		{3f34ae6d-0710-c2d0-b380-fa695625ff18}.Debug|Any CPU.Build.0 = Debug|Any CPU
		{e5003b9a-7bd5-9229-46a0-d14b182a2bfc}.Debug|Any CPU.ActiveCfg = Debug|Any CPU
		{e5003b9a-7bd5-9229-46a0-d14b182a2bfc}.Debug|Any CPU.Build.0 = Debug|Any CPU
		{ec3d167b-96b8-1a72-47ef-841f290543e8}.Debug|Any CPU.ActiveCfg = Debug|Any CPU
		{ec3d167b-96b8-1a72-47ef-841f290543e8}.Debug|Any CPU.Build.0 = Debug|Any CPU
		{9b4670c7-c2d4-9bd9-4de0-883d4bd7d6fe}.Debug|Any CPU.ActiveCfg = Debug|Any CPU
		{9b4670c7-c2d4-9bd9-4de0-883d4bd7d6fe}.Debug|Any CPU.Build.0 = Debug|Any CPU
		{7f4f8092-0e49-fa63-aaec-bb2924241e47}.Debug|Any CPU.ActiveCfg = Debug|Any CPU
		{7f4f8092-0e49-fa63-aaec-bb2924241e47}.Debug|Any CPU.Build.0 = Debug|Any CPU
		{413ce72d-aa9c-4217-3a1b-d4963c12f61e}.Debug|Any CPU.ActiveCfg = Debug|Any CPU
		{413ce72d-aa9c-4217-3a1b-d4963c12f61e}.Debug|Any CPU.Build.0 = Debug|Any CPU
		{4b2de3c0-a8f1-8feb-2448-f48c4a481950}.Debug|Any CPU.ActiveCfg = Debug|Any CPU
		{4b2de3c0-a8f1-8feb-2448-f48c4a481950}.Debug|Any CPU.Build.0 = Debug|Any CPU
		{1645251e-a471-e618-5db2-08b9f4e71462}.Debug|Any CPU.ActiveCfg = Debug|Any CPU
		{1645251e-a471-e618-5db2-08b9f4e71462}.Debug|Any CPU.Build.0 = Debug|Any CPU
		{a50d10b4-7098-a1de-4ce2-8fe089d3597d}.Debug|Any CPU.ActiveCfg = Debug|Any CPU
		{a50d10b4-7098-a1de-4ce2-8fe089d3597d}.Debug|Any CPU.Build.0 = Debug|Any CPU
		{bffa65df-40c4-7db8-61fe-7987a2dffbc0}.Debug|Any CPU.ActiveCfg = Debug|Any CPU
		{bffa65df-40c4-7db8-61fe-7987a2dffbc0}.Debug|Any CPU.Build.0 = Debug|Any CPU
		{017fa862-6f64-9029-95ae-886f9e390fac}.Debug|Any CPU.ActiveCfg = Debug|Any CPU
		{017fa862-6f64-9029-95ae-886f9e390fac}.Debug|Any CPU.Build.0 = Debug|Any CPU
		{3e6905cb-fb8c-a4ef-562b-547ef1f82033}.Debug|Any CPU.ActiveCfg = Debug|Any CPU
		{3e6905cb-fb8c-a4ef-562b-547ef1f82033}.Debug|Any CPU.Build.0 = Debug|Any CPU
		{2e569be0-ac2c-c2d9-f995-8a4d11696b9d}.Debug|Any CPU.ActiveCfg = Debug|Any CPU
		{2e569be0-ac2c-c2d9-f995-8a4d11696b9d}.Debug|Any CPU.Build.0 = Debug|Any CPU
		{2d41d4cf-b39c-6ffb-8e13-e61262fb009f}.Debug|Any CPU.ActiveCfg = Debug|Any CPU
		{2d41d4cf-b39c-6ffb-8e13-e61262fb009f}.Debug|Any CPU.Build.0 = Debug|Any CPU
		{3ef8f209-9460-43d7-9d0a-b436c9c30551}.Debug|Any CPU.ActiveCfg = Debug|Any CPU
		{3ef8f209-9460-43d7-9d0a-b436c9c30551}.Debug|Any CPU.Build.0 = Debug|Any CPU
		{7638fb2b-e3d9-7268-c197-845c8a9e65f4}.Debug|Any CPU.ActiveCfg = Debug|Any CPU
		{7638fb2b-e3d9-7268-c197-845c8a9e65f4}.Debug|Any CPU.Build.0 = Debug|Any CPU
		{3ef01317-0fd0-1bc4-43fa-f273641d5008}.Debug|Any CPU.ActiveCfg = Debug|Any CPU
		{3ef01317-0fd0-1bc4-43fa-f273641d5008}.Debug|Any CPU.Build.0 = Debug|Any CPU
		{084d4c85-977b-bce2-d936-9a4d1a82a5ef}.Debug|Any CPU.ActiveCfg = Debug|Any CPU
		{084d4c85-977b-bce2-d936-9a4d1a82a5ef}.Debug|Any CPU.Build.0 = Debug|Any CPU
		{f3528d44-ebad-3165-f966-e0f466e4a1ba}.Debug|Any CPU.ActiveCfg = Debug|Any CPU
		{f3528d44-ebad-3165-f966-e0f466e4a1ba}.Debug|Any CPU.Build.0 = Debug|Any CPU
		{f85934a8-497e-39ea-0c13-c068d5be1920}.Debug|Any CPU.ActiveCfg = Debug|Any CPU
		{f85934a8-497e-39ea-0c13-c068d5be1920}.Debug|Any CPU.Build.0 = Debug|Any CPU
		{ea4e8e60-ebaf-6ec7-cec6-182a57cf740b}.Debug|Any CPU.ActiveCfg = Debug|Any CPU
		{ea4e8e60-ebaf-6ec7-cec6-182a57cf740b}.Debug|Any CPU.Build.0 = Debug|Any CPU
		{5ce81459-7dbe-9d01-3311-9ecf1b8e9068}.Debug|Any CPU.ActiveCfg = Debug|Any CPU
		{5ce81459-7dbe-9d01-3311-9ecf1b8e9068}.Debug|Any CPU.Build.0 = Debug|Any CPU
		{5ceff03b-d9a8-5040-d4b6-3678dde6e3bc}.Debug|Any CPU.ActiveCfg = Debug|Any CPU
		{5ceff03b-d9a8-5040-d4b6-3678dde6e3bc}.Debug|Any CPU.Build.0 = Debug|Any CPU
		{65735140-f212-f18f-575e-24d9d8c2b656}.Debug|Any CPU.ActiveCfg = Debug|Any CPU
		{65735140-f212-f18f-575e-24d9d8c2b656}.Debug|Any CPU.Build.0 = Debug|Any CPU
		{6c77272e-c509-f85f-935c-53f01d1e91d4}.Debug|Any CPU.ActiveCfg = Debug|Any CPU
		{6c77272e-c509-f85f-935c-53f01d1e91d4}.Debug|Any CPU.Build.0 = Debug|Any CPU
		{fe1f9e00-8f80-3c07-86f5-0bd2a9086400}.Debug|Any CPU.ActiveCfg = Debug|Any CPU
		{fe1f9e00-8f80-3c07-86f5-0bd2a9086400}.Debug|Any CPU.Build.0 = Debug|Any CPU
		{6884aeef-813b-2ef2-43c6-75365ae43166}.Debug|Any CPU.ActiveCfg = Debug|Any CPU
		{6884aeef-813b-2ef2-43c6-75365ae43166}.Debug|Any CPU.Build.0 = Debug|Any CPU
		{086d577c-b49a-c3d6-1b30-2f2829147bf0}.Debug|Any CPU.ActiveCfg = Debug|Any CPU
		{086d577c-b49a-c3d6-1b30-2f2829147bf0}.Debug|Any CPU.Build.0 = Debug|Any CPU
		{c83cbd5c-0a3c-43dc-fa8e-96e09bbe01d9}.Debug|Any CPU.ActiveCfg = Debug|Any CPU
		{c83cbd5c-0a3c-43dc-fa8e-96e09bbe01d9}.Debug|Any CPU.Build.0 = Debug|Any CPU
		{95e7517c-c2fa-7be5-6351-5c37c16598d3}.Debug|Any CPU.ActiveCfg = Debug|Any CPU
		{95e7517c-c2fa-7be5-6351-5c37c16598d3}.Debug|Any CPU.Build.0 = Debug|Any CPU
		{32a73134-0bd1-40bb-21d2-5d93c4fc3a15}.Debug|Any CPU.ActiveCfg = Debug|Any CPU
		{32a73134-0bd1-40bb-21d2-5d93c4fc3a15}.Debug|Any CPU.Build.0 = Debug|Any CPU
		{a5ed387c-ed7e-8bab-a581-4b75ecd622a4}.Debug|Any CPU.ActiveCfg = Debug|Any CPU
		{a5ed387c-ed7e-8bab-a581-4b75ecd622a4}.Debug|Any CPU.Build.0 = Debug|Any CPU
		{7dd6a9a4-07b3-4cb0-7915-29a6a43594d2}.Debug|Any CPU.ActiveCfg = Debug|Any CPU
		{7dd6a9a4-07b3-4cb0-7915-29a6a43594d2}.Debug|Any CPU.Build.0 = Debug|Any CPU
		{76dff922-2097-c313-4031-b8ad54025de3}.Debug|Any CPU.ActiveCfg = Debug|Any CPU
		{76dff922-2097-c313-4031-b8ad54025de3}.Debug|Any CPU.Build.0 = Debug|Any CPU
		{507adda8-5141-f72b-0340-77d0380f5852}.Debug|Any CPU.ActiveCfg = Debug|Any CPU
		{507adda8-5141-f72b-0340-77d0380f5852}.Debug|Any CPU.Build.0 = Debug|Any CPU
		{5210a406-7cf8-6f93-65d4-a990cc34656d}.Debug|Any CPU.ActiveCfg = Debug|Any CPU
		{5210a406-7cf8-6f93-65d4-a990cc34656d}.Debug|Any CPU.Build.0 = Debug|Any CPU
		{1bbf5323-4e40-eb28-01bf-98c07afcc5c7}.Debug|Any CPU.ActiveCfg = Debug|Any CPU
		{1bbf5323-4e40-eb28-01bf-98c07afcc5c7}.Debug|Any CPU.Build.0 = Debug|Any CPU
		{28aaa74f-7b48-0603-e95d-71ed1c926b88}.Debug|Any CPU.ActiveCfg = Debug|Any CPU
		{28aaa74f-7b48-0603-e95d-71ed1c926b88}.Debug|Any CPU.Build.0 = Debug|Any CPU
		{03d7275f-0ec5-1d8c-a181-6525b90e2632}.Debug|Any CPU.ActiveCfg = Debug|Any CPU
		{03d7275f-0ec5-1d8c-a181-6525b90e2632}.Debug|Any CPU.Build.0 = Debug|Any CPU
		{c2931fd1-371f-466a-cef2-fd65afae7e66}.Debug|Any CPU.ActiveCfg = Debug|Any CPU
		{c2931fd1-371f-466a-cef2-fd65afae7e66}.Debug|Any CPU.Build.0 = Debug|Any CPU
		{47eff9da-676e-50a4-676a-ec6bdf94647f}.Debug|Any CPU.ActiveCfg = Debug|Any CPU
		{47eff9da-676e-50a4-676a-ec6bdf94647f}.Debug|Any CPU.Build.0 = Debug|Any CPU
		{31909783-b0e0-64b0-0d83-69f6cf7b382d}.Debug|Any CPU.ActiveCfg = Debug|Any CPU
		{31909783-b0e0-64b0-0d83-69f6cf7b382d}.Debug|Any CPU.Build.0 = Debug|Any CPU
		{31d6b2e3-6efb-9e9d-5917-4f296f4d7047}.Debug|Any CPU.ActiveCfg = Debug|Any CPU
		{31d6b2e3-6efb-9e9d-5917-4f296f4d7047}.Debug|Any CPU.Build.0 = Debug|Any CPU
		{5f8ea67b-5b7b-5229-0abf-01c9c4b4a366}.Debug|Any CPU.ActiveCfg = Debug|Any CPU
		{5f8ea67b-5b7b-5229-0abf-01c9c4b4a366}.Debug|Any CPU.Build.0 = Debug|Any CPU
		{34079c86-c73f-1f1b-686c-f9fcb293682b}.Debug|Any CPU.ActiveCfg = Debug|Any CPU
		{34079c86-c73f-1f1b-686c-f9fcb293682b}.Debug|Any CPU.Build.0 = Debug|Any CPU
		{3dfe5101-dd4d-4904-381d-2145ea882c30}.Debug|Any CPU.ActiveCfg = Debug|Any CPU
		{3dfe5101-dd4d-4904-381d-2145ea882c30}.Debug|Any CPU.Build.0 = Debug|Any CPU
		{228215d3-ba53-baa9-1a84-6a1ef0a97e03}.Debug|Any CPU.ActiveCfg = Debug|Any CPU
		{228215d3-ba53-baa9-1a84-6a1ef0a97e03}.Debug|Any CPU.Build.0 = Debug|Any CPU
		{3b7f5af1-64ee-3cf0-c5d0-d505e641b2e4}.Debug|Any CPU.ActiveCfg = Debug|Any CPU
		{3b7f5af1-64ee-3cf0-c5d0-d505e641b2e4}.Debug|Any CPU.Build.0 = Debug|Any CPU
	EndGlobalSection
	GlobalSection(SolutionProperties) = preSolution
		HideSolutionNode = FALSE
	EndGlobalSection
EndGlobal
