
Microsoft Visual Studio Solution File, Format Version 12.00
# Visual Studio 15
Project("{FAE04EC0-301F-11D3-BF4B-00C04F79EFBC}") = "UnityEngine.UI", "UnityEngine.UI.csproj", "{03B3F9CC-8B46-3C9B-34BC-B83271229436}"
EndProject
Project("{FAE04EC0-301F-11D3-BF4B-00C04F79EFBC}") = "UnityEngine.SpatialTracking", "UnityEngine.SpatialTracking.csproj", "{5AF5EE9D-4146-E75A-958C-EC845E2F2C10}"
EndProject
Project("{FAE04EC0-301F-11D3-BF4B-00C04F79EFBC}") = "Unity.RenderPipelines.Core.Runtime", "Unity.RenderPipelines.Core.Runtime.csproj", "{F81BF634-7F3E-02F0-13FE-BDABDC514619}"
EndProject
Project("{FAE04EC0-301F-11D3-BF4B-00C04F79EFBC}") = "Unity.XR.Interaction.Toolkit", "Unity.XR.Interaction.Toolkit.csproj", "{87BDDBE6-4A16-DE6E-2A84-E4A57416D2C9}"
EndProject
Project("{FAE04EC0-301F-11D3-BF4B-00C04F79EFBC}") = "UnityEngine.TestRunner", "UnityEngine.TestRunner.csproj", "{36F155AD-E593-36EF-E5C9-5815A98C5A23}"
EndProject
Project("{FAE04EC0-301F-11D3-BF4B-00C04F79EFBC}") = "Unity.InputSystem", "Unity.InputSystem.csproj", "{4043DD91-FFA8-E195-B7C4-AD71D06D942C}"
EndProject
Project("{FAE04EC0-301F-11D3-BF4B-00C04F79EFBC}") = "Unity.VisualScripting.State", "Unity.VisualScripting.State.csproj", "{3DF64932-D1D3-6988-D959-9523D316FE55}"
EndProject
Project("{FAE04EC0-301F-11D3-BF4B-00C04F79EFBC}") = "Unity.RenderPipelines.Universal.Runtime", "Unity.RenderPipelines.Universal.Runtime.csproj", "{8CF29808-2462-3B10-56CB-84877B9631E1}"
EndProject
Project("{FAE04EC0-301F-11D3-BF4B-00C04F79EFBC}") = "Unity.Postprocessing.Runtime", "Unity.Postprocessing.Runtime.csproj", "{568D96EE-9812-0B2E-B22A-E5C9BBFB9499}"
EndProject
Project("{FAE04EC0-301F-11D3-BF4B-00C04F79EFBC}") = "Unity.VisualScripting.Flow", "Unity.VisualScripting.Flow.csproj", "{57F236C2-2DAA-6EA3-AF66-E9EA102023B5}"
EndProject
Project("{FAE04EC0-301F-11D3-BF4B-00C04F79EFBC}") = "Unity.VisualScripting.Core", "Unity.VisualScripting.Core.csproj", "{FBC4ACA7-68A3-F6FC-785F-915FD811273D}"
EndProject
Project("{FAE04EC0-301F-11D3-BF4B-00C04F79EFBC}") = "Unity.XR.Oculus", "Unity.XR.Oculus.csproj", "{46D47D9D-028D-59B7-487F-F42ADE71CEC3}"
EndProject
Project("{FAE04EC0-301F-11D3-BF4B-00C04F79EFBC}") = "Unity.TextMeshPro", "Unity.TextMeshPro.csproj", "{689173CA-F0E3-8FA5-4CDC-EC9E3970C15A}"
EndProject
Project("{FAE04EC0-301F-11D3-BF4B-00C04F79EFBC}") = "Unity.Burst", "Unity.Burst.csproj", "{6E337669-88CA-A656-EA28-92437C5A817D}"
EndProject
Project("{FAE04EC0-301F-11D3-BF4B-00C04F79EFBC}") = "Unity.RenderPipeline.Universal.ShaderLibrary", "Unity.RenderPipeline.Universal.ShaderLibrary.csproj", "{59D9CED1-2BE4-D15F-93C4-2DB9E07E7644}"
EndProject
Project("{FAE04EC0-301F-11D3-BF4B-00C04F79EFBC}") = "Assembly-CSharp", "Assembly-CSharp.csproj", "{C1C92702-4150-B57F-BD8B-9ED48918017A}"
EndProject
Project("{FAE04EC0-301F-11D3-BF4B-00C04F79EFBC}") = "Unity.XR.Content.Interaction", "Unity.XR.Content.Interaction.csproj", "{C7278F91-D871-FF1B-3BE0-AADD7C4D145E}"
EndProject
Project("{FAE04EC0-301F-11D3-BF4B-00C04F79EFBC}") = "Unity.XR.Hands", "Unity.XR.Hands.csproj", "{28E0F4CD-B8F3-737A-D300-D92725C5E74A}"
EndProject
Project("{FAE04EC0-301F-11D3-BF4B-00C04F79EFBC}") = "Unity.XR.CoreUtils", "Unity.XR.CoreUtils.csproj", "{2A39FF86-D85F-0B82-A19B-9962B620A3D4}"
EndProject
Project("{FAE04EC0-301F-11D3-BF4B-00C04F79EFBC}") = "Unity.XR.OpenXR", "Unity.XR.OpenXR.csproj", "{B89511C2-363B-21C2-B607-CA2AD7B4B3E7}"
EndProject
Project("{FAE04EC0-301F-11D3-BF4B-00C04F79EFBC}") = "Unity.Timeline", "Unity.Timeline.csproj", "{DD95E095-8B5D-9338-3960-3A4B9F979588}"
EndProject
Project("{FAE04EC0-301F-11D3-BF4B-00C04F79EFBC}") = "Unity.Mathematics", "Unity.Mathematics.csproj", "{72623327-7307-7BA2-B210-691419A8C399}"
EndProject
Project("{FAE04EC0-301F-11D3-BF4B-00C04F79EFBC}") = "Unity.XR.Hands.Samples.VisualizerSample", "Unity.XR.Hands.Samples.VisualizerSample.csproj", "{DC6CFF1A-FD61-0B55-9B5F-659398D72272}"
EndProject
Project("{FAE04EC0-301F-11D3-BF4B-00C04F79EFBC}") = "Unity.XR.Content.Interaction.Analytics", "Unity.XR.Content.Interaction.Analytics.csproj", "{482D500F-051E-6712-F0B5-1A076B21229A}"
EndProject
Project("{FAE04EC0-301F-11D3-BF4B-00C04F79EFBC}") = "Unity.XR.Interaction.Toolkit.Samples.DeviceSimulator", "Unity.XR.Interaction.Toolkit.Samples.DeviceSimulator.csproj", "{C838D38B-BED5-033A-4875-3BC0F426B986}"
EndProject
Project("{FAE04EC0-301F-11D3-BF4B-00C04F79EFBC}") = "Unity.XR.Management", "Unity.XR.Management.csproj", "{296FA6CE-4B87-0245-4E5A-5958A21021EB}"
EndProject
Project("{FAE04EC0-301F-11D3-BF4B-00C04F79EFBC}") = "Unity.XR.Interaction.Toolkit.Samples.Hands", "Unity.XR.Interaction.Toolkit.Samples.Hands.csproj", "{03E67EF6-7D71-E27F-8D61-59A40F4CD4ED}"
EndProject
Project("{FAE04EC0-301F-11D3-BF4B-00C04F79EFBC}") = "UnityEngine.XR.LegacyInputHelpers", "UnityEngine.XR.LegacyInputHelpers.csproj", "{FC7BB2E2-1985-4D5A-9FCB-DA2CB5F887F0}"
EndProject
Project("{FAE04EC0-301F-11D3-BF4B-00C04F79EFBC}") = "Unity.XR.Interaction.Toolkit.Samples.StarterAssets", "Unity.XR.Interaction.Toolkit.Samples.StarterAssets.csproj", "{1DE1F636-D72F-C3BA-57AB-149139D0D816}"
EndProject
Project("{FAE04EC0-301F-11D3-BF4B-00C04F79EFBC}") = "Unity.Tutorials.Core", "Unity.Tutorials.Core.csproj", "{CBBD0D0D-10EE-2475-6E28-94AE2200718B}"
EndProject
Project("{FAE04EC0-301F-11D3-BF4B-00C04F79EFBC}") = "Unity.XR.OpenXR.Features.ConformanceAutomation", "Unity.XR.OpenXR.Features.ConformanceAutomation.csproj", "{451D64DB-78B1-ED4A-23D6-90512ED84804}"
EndProject
Project("{FAE04EC0-301F-11D3-BF4B-00C04F79EFBC}") = "Unity.XR.OpenXR.Features.MockRuntime", "Unity.XR.OpenXR.Features.MockRuntime.csproj", "{B7170498-A40F-FF65-64D3-4A192234F809}"
EndProject
Project("{FAE04EC0-301F-11D3-BF4B-00C04F79EFBC}") = "Unity.XR.OpenXR.Features.MetaQuestSupport", "Unity.XR.OpenXR.Features.MetaQuestSupport.csproj", "{2E01C1FC-A3BF-1A8C-DF93-012B2F557CA9}"
EndProject
Project("{FAE04EC0-301F-11D3-BF4B-00C04F79EFBC}") = "Unity.RenderPipelines.ShaderGraph.ShaderGraphLibrary", "Unity.RenderPipelines.ShaderGraph.ShaderGraphLibrary.csproj", "{6194A7D2-C7C4-F10B-6932-C918553102A0}"
EndProject
Project("{FAE04EC0-301F-11D3-BF4B-00C04F79EFBC}") = "Unity.InputSystem.ForUI", "Unity.InputSystem.ForUI.csproj", "{40571908-7FC7-1D53-E1A6-3EB808F62578}"
EndProject
Project("{FAE04EC0-301F-11D3-BF4B-00C04F79EFBC}") = "Unity.InputSystem.TestFramework", "Unity.InputSystem.TestFramework.csproj", "{67BF9E7A-1EB6-4D6E-A1EF-FC8499CC7AA6}"
EndProject
Project("{FAE04EC0-301F-11D3-BF4B-00C04F79EFBC}") = "Unity.RenderPipelines.Core.ShaderLibrary", "Unity.RenderPipelines.Core.ShaderLibrary.csproj", "{AA0DBFE8-0CB1-631B-742D-AFAC88822857}"
EndProject
Project("{FAE04EC0-301F-11D3-BF4B-00C04F79EFBC}") = "Unity.XR.OpenXR.Features.RuntimeDebugger", "Unity.XR.OpenXR.Features.RuntimeDebugger.csproj", "{21B7ED7F-E954-191E-06FB-631822C626BB}"
EndProject
Project("{FAE04EC0-301F-11D3-BF4B-00C04F79EFBC}") = "Unity.RenderPipelines.Universal.Shaders", "Unity.RenderPipelines.Universal.Shaders.csproj", "{BDFD375D-40E6-117F-1EED-51DC1B0C3D8D}"
EndProject
Project("{FAE04EC0-301F-11D3-BF4B-00C04F79EFBC}") = "Unity.XR.OpenXR.Features.OculusQuestSupport", "Unity.XR.OpenXR.Features.OculusQuestSupport.csproj", "{0B2C6B23-FCAF-8EC7-1807-0DE2DBE697C7}"
EndProject
Project("{FAE04EC0-301F-11D3-BF4B-00C04F79EFBC}") = "Unity.VisualScripting.Core.Editor", "Unity.VisualScripting.Core.Editor.csproj", "{7192FF69-8010-EC9B-DA94-CD7FBAFC0734}"
EndProject
Project("{FAE04EC0-301F-11D3-BF4B-00C04F79EFBC}") = "Unity.ShaderGraph.Editor", "Unity.ShaderGraph.Editor.csproj", "{977FED64-3FA4-D54B-C7CD-594DE2306115}"
EndProject
Project("{FAE04EC0-301F-11D3-BF4B-00C04F79EFBC}") = "Unity.Timeline.Editor", "Unity.Timeline.Editor.csproj", "{63ECC13A-B2FD-772A-CB14-21D45177841D}"
EndProject
Project("{FAE04EC0-301F-11D3-BF4B-00C04F79EFBC}") = "Unity.RenderPipelines.Universal.Editor", "Unity.RenderPipelines.Universal.Editor.csproj", "{A3A41C23-733B-CA3B-7B39-65B13407F2A1}"
EndProject
Project("{FAE04EC0-301F-11D3-BF4B-00C04F79EFBC}") = "Unity.XR.Interaction.Toolkit.Editor", "Unity.XR.Interaction.Toolkit.Editor.csproj", "{7719F13F-5175-603D-8540-BA43F3D35510}"
EndProject
Project("{FAE04EC0-301F-11D3-BF4B-00C04F79EFBC}") = "Unity.TextMeshPro.Editor", "Unity.TextMeshPro.Editor.csproj", "{8FC8D2FE-922B-9F89-B594-5680EB86BA79}"
EndProject
Project("{FAE04EC0-301F-11D3-BF4B-00C04F79EFBC}") = "Unity.VisualScripting.SettingsProvider.Editor", "Unity.VisualScripting.SettingsProvider.Editor.csproj", "{0460949C-1AC2-5FCB-7B04-BA28768E6C0C}"
EndProject
Project("{FAE04EC0-301F-11D3-BF4B-00C04F79EFBC}") = "UnityEditor.TestRunner", "UnityEditor.TestRunner.csproj", "{1B59BC58-B3A6-17B8-CAFA-1ED27AB3AD10}"
EndProject
Project("{FAE04EC0-301F-11D3-BF4B-00C04F79EFBC}") = "Unity.TestTools.CodeCoverage.Editor", "Unity.TestTools.CodeCoverage.Editor.csproj", "{79736249-0E7C-33B7-EE6A-FA4367146E07}"
EndProject
Project("{FAE04EC0-301F-11D3-BF4B-00C04F79EFBC}") = "Unity.VisualScripting.Flow.Editor", "Unity.VisualScripting.Flow.Editor.csproj", "{6E4F38FB-744A-C697-E85B-D8F0D49D45D1}"
EndProject
Project("{FAE04EC0-301F-11D3-BF4B-00C04F79EFBC}") = "Unity.Rider.Editor", "Unity.Rider.Editor.csproj", "{C901F9DF-498D-0164-552B-788E9A518DCC}"
EndProject
Project("{FAE04EC0-301F-11D3-BF4B-00C04F79EFBC}") = "Unity.Tutorials.Core.Editor", "Unity.Tutorials.Core.Editor.csproj", "{C31A4492-22FC-777B-BAD1-09D020E3EC26}"
EndProject
Project("{FAE04EC0-301F-11D3-BF4B-00C04F79EFBC}") = "Unity.Performance.Profile-Analyzer.Editor", "Unity.Performance.Profile-Analyzer.Editor.csproj", "{0305BD01-B795-F7C8-4C4D-88E3E0202EF4}"
EndProject
Project("{FAE04EC0-301F-11D3-BF4B-00C04F79EFBC}") = "Unity.RenderPipelines.Core.Editor", "Unity.RenderPipelines.Core.Editor.csproj", "{5D44AD9F-F3DC-16F9-A3FB-73EE5BC723B5}"
EndProject
Project("{FAE04EC0-301F-11D3-BF4B-00C04F79EFBC}") = "Unity.XR.Hands.Editor", "Unity.XR.Hands.Editor.csproj", "{15562522-4F71-008E-F973-AD0DFF3DF8B0}"
EndProject
Project("{FAE04EC0-301F-11D3-BF4B-00C04F79EFBC}") = "Unity.Postprocessing.Editor", "Unity.Postprocessing.Editor.csproj", "{3A22C0DA-DC86-92FF-3913-DE0603B113D3}"
EndProject
Project("{FAE04EC0-301F-11D3-BF4B-00C04F79EFBC}") = "Unity.Burst.CodeGen", "Unity.Burst.CodeGen.csproj", "{58906589-6753-23F1-8390-6131C382D6EA}"
EndProject
Project("{FAE04EC0-301F-11D3-BF4B-00C04F79EFBC}") = "Unity.XR.OpenXR.Features.OculusQuestSupport.Editor", "Unity.XR.OpenXR.Features.OculusQuestSupport.Editor.csproj", "{20999CA8-D0BF-7BAC-DED7-A92FD5AA2B27}"
EndProject
Project("{FAE04EC0-301F-11D3-BF4B-00C04F79EFBC}") = "Unity.InternalAPIEditorBridge.007", "Unity.InternalAPIEditorBridge.007.csproj", "{D3B426D7-6C70-8B1D-8199-0DB2B320A555}"
EndProject
Project("{FAE04EC0-301F-11D3-BF4B-00C04F79EFBC}") = "Unity.XR.Management.Editor", "Unity.XR.Management.Editor.csproj", "{8FF1FFB0-0644-A72A-4073-0750D79F62CF}"
EndProject
Project("{FAE04EC0-301F-11D3-BF4B-00C04F79EFBC}") = "Unity.VSCode.Editor", "Unity.VSCode.Editor.csproj", "{9059C200-8413-9DB9-D983-A73996031437}"
EndProject
Project("{FAE04EC0-301F-11D3-BF4B-00C04F79EFBC}") = "Unity.VisualStudio.Editor", "Unity.VisualStudio.Editor.csproj", "{B044BCD9-B12C-6A20-0DAA-22F5901853A1}"
EndProject
Project("{FAE04EC0-301F-11D3-BF4B-00C04F79EFBC}") = "Unity.TestTools.CodeCoverage.Editor.OpenCover.Model", "Unity.TestTools.CodeCoverage.Editor.OpenCover.Model.csproj", "{BFBF328D-E5BF-5883-EB8A-83DE8DA2B06B}"
EndProject
Project("{FAE04EC0-301F-11D3-BF4B-00C04F79EFBC}") = "Unity.Settings.Editor", "Unity.Settings.Editor.csproj", "{E78015BC-1E4A-D68B-6074-94AC01C1C7F9}"
EndProject
Project("{FAE04EC0-301F-11D3-BF4B-00C04F79EFBC}") = "UnityEditor.SpatialTracking", "UnityEditor.SpatialTracking.csproj", "{DDD9FBEB-351D-71F0-EFEE-78DB28A43DAD}"
EndProject
Project("{FAE04EC0-301F-11D3-BF4B-00C04F79EFBC}") = "PPv2URPConverters", "PPv2URPConverters.csproj", "{CD82C602-4752-51D1-2E3F-9DDF99EBDD2F}"
EndProject
Project("{FAE04EC0-301F-11D3-BF4B-00C04F79EFBC}") = "Unity.XR.OpenXR.Editor", "Unity.XR.OpenXR.Editor.csproj", "{0B94DC45-3FE2-CCAD-0EC3-AC4FF0470CF0}"
EndProject
Project("{FAE04EC0-301F-11D3-BF4B-00C04F79EFBC}") = "Unity.VisualScripting.State.Editor", "Unity.VisualScripting.State.Editor.csproj", "{75F3DA01-EB5D-E219-E6D0-93B9712DBA65}"
EndProject
Project("{FAE04EC0-301F-11D3-BF4B-00C04F79EFBC}") = "UnityEditor.UI", "UnityEditor.UI.csproj", "{B1D0E7A7-2FD1-5DB9-7EC9-5D332F45A41B}"
EndProject
Project("{FAE04EC0-301F-11D3-BF4B-00C04F79EFBC}") = "Unity.XR.CoreUtils.Editor", "Unity.XR.CoreUtils.Editor.csproj", "{A61618EE-E574-A060-2106-C9009604FB0F}"
EndProject
Project("{FAE04EC0-301F-11D3-BF4B-00C04F79EFBC}") = "UnityEditor.XR.LegacyInputHelpers", "UnityEditor.XR.LegacyInputHelpers.csproj", "{BB6EB6B6-BC5E-7994-D059-AE14B55B7047}"
EndProject
Project("{FAE04EC0-301F-11D3-BF4B-00C04F79EFBC}") = "Unity.Searcher.Editor", "Unity.Searcher.Editor.csproj", "{912F1972-235C-9C96-17FE-62EF02D80CCD}"
EndProject
Project("{FAE04EC0-301F-11D3-BF4B-00C04F79EFBC}") = "Unity.Burst.Editor", "Unity.Burst.Editor.csproj", "{4A3FC2AE-B9AF-6E28-8C45-09D26D94998A}"
EndProject
Project("{FAE04EC0-301F-11D3-BF4B-00C04F79EFBC}") = "Unity.XR.Management.Samples.Editor", "Unity.XR.Management.Samples.Editor.csproj", "{CE7D2B6D-7B76-B9DF-7F98-E29763E32610}"
EndProject
Project("{FAE04EC0-301F-11D3-BF4B-00C04F79EFBC}") = "Unity.XR.OpenXR.Features.RuntimeDebugger.Editor", "Unity.XR.OpenXR.Features.RuntimeDebugger.Editor.csproj", "{D8CB565A-02E8-F0AA-75CA-5D1B903F092E}"
EndProject
Project("{FAE04EC0-301F-11D3-BF4B-00C04F79EFBC}") = "Unity.XR.Oculus.Editor", "Unity.XR.Oculus.Editor.csproj", "{B3F86895-8D6B-AD78-B4C1-313836D6DC71}"
EndProject
Project("{FAE04EC0-301F-11D3-BF4B-00C04F79EFBC}") = "Unity.XR.Interaction.Toolkit.Samples.Hands.Editor", "Unity.XR.Interaction.Toolkit.Samples.Hands.Editor.csproj", "{DCCBD629-6147-A641-E1BA-DD1589F1DB55}"
EndProject
Project("{FAE04EC0-301F-11D3-BF4B-00C04F79EFBC}") = "Unity.ShaderGraph.Utilities", "Unity.ShaderGraph.Utilities.csproj", "{A7D9749A-8BDA-BD3D-A96B-AED2D83EE0E5}"
EndProject
Project("{FAE04EC0-301F-11D3-BF4B-00C04F79EFBC}") = "Unity.XR.OpenXR.Features.MetaQuestSupport.Editor", "Unity.XR.OpenXR.Features.MetaQuestSupport.Editor.csproj", "{2DAD9C14-5210-76B6-8F68-6DF5FE192E9B}"
EndProject
Project("{FAE04EC0-301F-11D3-BF4B-00C04F79EFBC}") = "Unity.Mathematics.Editor", "Unity.Mathematics.Editor.csproj", "{0FD92ACC-755E-E112-23BD-A0B5E350DD59}"
EndProject
Project("{FAE04EC0-301F-11D3-BF4B-00C04F79EFBC}") = "Unity.TestTools.CodeCoverage.Editor.OpenCover.Mono.Reflection", "Unity.TestTools.CodeCoverage.Editor.OpenCover.Mono.Reflection.csproj", "{17209623-A673-A2A9-4D32-C16E8CA126F0}"
EndProject
Project("{FAE04EC0-301F-11D3-BF4B-00C04F79EFBC}") = "Unity.XR.Management.Samples", "Unity.XR.Management.Samples.csproj", "{DB46C85B-3CFD-B1DA-25D6-655125D7959C}"
EndProject
Project("{FAE04EC0-301F-11D3-BF4B-00C04F79EFBC}") = "Unity.EditorCoroutines.Editor", "Unity.EditorCoroutines.Editor.csproj", "{E9D8F144-1CA1-41BA-A65E-0B59876C6881}"
EndProject
Project("{FAE04EC0-301F-11D3-BF4B-00C04F79EFBC}") = "Unity.InternalAPIEngineBridge.007", "Unity.InternalAPIEngineBridge.007.csproj", "{1783E8B5-33A6-4638-3564-DDEE1589EA2D}"
EndProject
Project("{FAE04EC0-301F-11D3-BF4B-00C04F79EFBC}") = "Unity.VisualScripting.Shared.Editor", "Unity.VisualScripting.Shared.Editor.csproj", "{CC258F17-D7A8-15F0-0DCE-23D4EB85E371}"
EndProject
Project("{FAE04EC0-301F-11D3-BF4B-00C04F79EFBC}") = "Assembly-CSharp-Editor", "Assembly-CSharp-Editor.csproj", "{5A15D296-DFEE-B395-E5CE-919A67F022FC}"
EndProject
Project("{FAE04EC0-301F-11D3-BF4B-00C04F79EFBC}") = "Unity.XR.Interaction.Toolkit.Samples.StarterAssets.Editor", "Unity.XR.Interaction.Toolkit.Samples.StarterAssets.Editor.csproj", "{35BA4CE6-A661-9E2F-B14B-A8DF3F965B5E}"
EndProject
Global
	GlobalSection(SolutionConfigurationPlatforms) = preSolution
		Debug|Any CPU = Debug|Any CPU
		Release|Any CPU = Release|Any CPU
	EndGlobalSection
	GlobalSection(ProjectConfigurationPlatforms) = postSolution
		{03B3F9CC-8B46-3C9B-34BC-B83271229436}.Debug|Any CPU.ActiveCfg = Debug|Any CPU
		{03B3F9CC-8B46-3C9B-34BC-B83271229436}.Debug|Any CPU.Build.0 = Debug|Any CPU
		{03B3F9CC-8B46-3C9B-34BC-B83271229436}.Release|Any CPU.ActiveCfg = Release|Any CPU
		{03B3F9CC-8B46-3C9B-34BC-B83271229436}.Release|Any CPU.Build.0 = Release|Any CPU
		{5AF5EE9D-4146-E75A-958C-EC845E2F2C10}.Debug|Any CPU.ActiveCfg = Debug|Any CPU
		{5AF5EE9D-4146-E75A-958C-EC845E2F2C10}.Debug|Any CPU.Build.0 = Debug|Any CPU
		{5AF5EE9D-4146-E75A-958C-EC845E2F2C10}.Release|Any CPU.ActiveCfg = Release|Any CPU
		{5AF5EE9D-4146-E75A-958C-EC845E2F2C10}.Release|Any CPU.Build.0 = Release|Any CPU
		{F81BF634-7F3E-02F0-13FE-BDABDC514619}.Debug|Any CPU.ActiveCfg = Debug|Any CPU
		{F81BF634-7F3E-02F0-13FE-BDABDC514619}.Debug|Any CPU.Build.0 = Debug|Any CPU
		{F81BF634-7F3E-02F0-13FE-BDABDC514619}.Release|Any CPU.ActiveCfg = Release|Any CPU
		{F81BF634-7F3E-02F0-13FE-BDABDC514619}.Release|Any CPU.Build.0 = Release|Any CPU
		{87BDDBE6-4A16-DE6E-2A84-E4A57416D2C9}.Debug|Any CPU.ActiveCfg = Debug|Any CPU
		{87BDDBE6-4A16-DE6E-2A84-E4A57416D2C9}.Debug|Any CPU.Build.0 = Debug|Any CPU
		{87BDDBE6-4A16-DE6E-2A84-E4A57416D2C9}.Release|Any CPU.ActiveCfg = Release|Any CPU
		{87BDDBE6-4A16-DE6E-2A84-E4A57416D2C9}.Release|Any CPU.Build.0 = Release|Any CPU
		{36F155AD-E593-36EF-E5C9-5815A98C5A23}.Debug|Any CPU.ActiveCfg = Debug|Any CPU
		{36F155AD-E593-36EF-E5C9-5815A98C5A23}.Debug|Any CPU.Build.0 = Debug|Any CPU
		{36F155AD-E593-36EF-E5C9-5815A98C5A23}.Release|Any CPU.ActiveCfg = Release|Any CPU
		{36F155AD-E593-36EF-E5C9-5815A98C5A23}.Release|Any CPU.Build.0 = Release|Any CPU
		{4043DD91-FFA8-E195-B7C4-AD71D06D942C}.Debug|Any CPU.ActiveCfg = Debug|Any CPU
		{4043DD91-FFA8-E195-B7C4-AD71D06D942C}.Debug|Any CPU.Build.0 = Debug|Any CPU
		{4043DD91-FFA8-E195-B7C4-AD71D06D942C}.Release|Any CPU.ActiveCfg = Release|Any CPU
		{4043DD91-FFA8-E195-B7C4-AD71D06D942C}.Release|Any CPU.Build.0 = Release|Any CPU
		{3DF64932-D1D3-6988-D959-9523D316FE55}.Debug|Any CPU.ActiveCfg = Debug|Any CPU
		{3DF64932-D1D3-6988-D959-9523D316FE55}.Debug|Any CPU.Build.0 = Debug|Any CPU
		{3DF64932-D1D3-6988-D959-9523D316FE55}.Release|Any CPU.ActiveCfg = Release|Any CPU
		{3DF64932-D1D3-6988-D959-9523D316FE55}.Release|Any CPU.Build.0 = Release|Any CPU
		{8CF29808-2462-3B10-56CB-84877B9631E1}.Debug|Any CPU.ActiveCfg = Debug|Any CPU
		{8CF29808-2462-3B10-56CB-84877B9631E1}.Debug|Any CPU.Build.0 = Debug|Any CPU
		{8CF29808-2462-3B10-56CB-84877B9631E1}.Release|Any CPU.ActiveCfg = Release|Any CPU
		{8CF29808-2462-3B10-56CB-84877B9631E1}.Release|Any CPU.Build.0 = Release|Any CPU
		{568D96EE-9812-0B2E-B22A-E5C9BBFB9499}.Debug|Any CPU.ActiveCfg = Debug|Any CPU
		{568D96EE-9812-0B2E-B22A-E5C9BBFB9499}.Debug|Any CPU.Build.0 = Debug|Any CPU
		{568D96EE-9812-0B2E-B22A-E5C9BBFB9499}.Release|Any CPU.ActiveCfg = Release|Any CPU
		{568D96EE-9812-0B2E-B22A-E5C9BBFB9499}.Release|Any CPU.Build.0 = Release|Any CPU
		{57F236C2-2DAA-6EA3-AF66-E9EA102023B5}.Debug|Any CPU.ActiveCfg = Debug|Any CPU
		{57F236C2-2DAA-6EA3-AF66-E9EA102023B5}.Debug|Any CPU.Build.0 = Debug|Any CPU
		{57F236C2-2DAA-6EA3-AF66-E9EA102023B5}.Release|Any CPU.ActiveCfg = Release|Any CPU
		{57F236C2-2DAA-6EA3-AF66-E9EA102023B5}.Release|Any CPU.Build.0 = Release|Any CPU
		{FBC4ACA7-68A3-F6FC-785F-915FD811273D}.Debug|Any CPU.ActiveCfg = Debug|Any CPU
		{FBC4ACA7-68A3-F6FC-785F-915FD811273D}.Debug|Any CPU.Build.0 = Debug|Any CPU
		{FBC4ACA7-68A3-F6FC-785F-915FD811273D}.Release|Any CPU.ActiveCfg = Release|Any CPU
		{FBC4ACA7-68A3-F6FC-785F-915FD811273D}.Release|Any CPU.Build.0 = Release|Any CPU
		{46D47D9D-028D-59B7-487F-F42ADE71CEC3}.Debug|Any CPU.ActiveCfg = Debug|Any CPU
		{46D47D9D-028D-59B7-487F-F42ADE71CEC3}.Debug|Any CPU.Build.0 = Debug|Any CPU
		{46D47D9D-028D-59B7-487F-F42ADE71CEC3}.Release|Any CPU.ActiveCfg = Release|Any CPU
		{46D47D9D-028D-59B7-487F-F42ADE71CEC3}.Release|Any CPU.Build.0 = Release|Any CPU
		{689173CA-F0E3-8FA5-4CDC-EC9E3970C15A}.Debug|Any CPU.ActiveCfg = Debug|Any CPU
		{689173CA-F0E3-8FA5-4CDC-EC9E3970C15A}.Debug|Any CPU.Build.0 = Debug|Any CPU
		{689173CA-F0E3-8FA5-4CDC-EC9E3970C15A}.Release|Any CPU.ActiveCfg = Release|Any CPU
		{689173CA-F0E3-8FA5-4CDC-EC9E3970C15A}.Release|Any CPU.Build.0 = Release|Any CPU
		{6E337669-88CA-A656-EA28-92437C5A817D}.Debug|Any CPU.ActiveCfg = Debug|Any CPU
		{6E337669-88CA-A656-EA28-92437C5A817D}.Debug|Any CPU.Build.0 = Debug|Any CPU
		{6E337669-88CA-A656-EA28-92437C5A817D}.Release|Any CPU.ActiveCfg = Release|Any CPU
		{6E337669-88CA-A656-EA28-92437C5A817D}.Release|Any CPU.Build.0 = Release|Any CPU
		{59D9CED1-2BE4-D15F-93C4-2DB9E07E7644}.Debug|Any CPU.ActiveCfg = Debug|Any CPU
		{59D9CED1-2BE4-D15F-93C4-2DB9E07E7644}.Debug|Any CPU.Build.0 = Debug|Any CPU
		{59D9CED1-2BE4-D15F-93C4-2DB9E07E7644}.Release|Any CPU.ActiveCfg = Release|Any CPU
		{59D9CED1-2BE4-D15F-93C4-2DB9E07E7644}.Release|Any CPU.Build.0 = Release|Any CPU
		{C1C92702-4150-B57F-BD8B-9ED48918017A}.Debug|Any CPU.ActiveCfg = Debug|Any CPU
		{C1C92702-4150-B57F-BD8B-9ED48918017A}.Debug|Any CPU.Build.0 = Debug|Any CPU
		{C1C92702-4150-B57F-BD8B-9ED48918017A}.Release|Any CPU.ActiveCfg = Release|Any CPU
		{C1C92702-4150-B57F-BD8B-9ED48918017A}.Release|Any CPU.Build.0 = Release|Any CPU
		{C7278F91-D871-FF1B-3BE0-AADD7C4D145E}.Debug|Any CPU.ActiveCfg = Debug|Any CPU
		{C7278F91-D871-FF1B-3BE0-AADD7C4D145E}.Debug|Any CPU.Build.0 = Debug|Any CPU
		{C7278F91-D871-FF1B-3BE0-AADD7C4D145E}.Release|Any CPU.ActiveCfg = Release|Any CPU
		{C7278F91-D871-FF1B-3BE0-AADD7C4D145E}.Release|Any CPU.Build.0 = Release|Any CPU
		{28E0F4CD-B8F3-737A-D300-D92725C5E74A}.Debug|Any CPU.ActiveCfg = Debug|Any CPU
		{28E0F4CD-B8F3-737A-D300-D92725C5E74A}.Debug|Any CPU.Build.0 = Debug|Any CPU
		{28E0F4CD-B8F3-737A-D300-D92725C5E74A}.Release|Any CPU.ActiveCfg = Release|Any CPU
		{28E0F4CD-B8F3-737A-D300-D92725C5E74A}.Release|Any CPU.Build.0 = Release|Any CPU
		{2A39FF86-D85F-0B82-A19B-9962B620A3D4}.Debug|Any CPU.ActiveCfg = Debug|Any CPU
		{2A39FF86-D85F-0B82-A19B-9962B620A3D4}.Debug|Any CPU.Build.0 = Debug|Any CPU
		{2A39FF86-D85F-0B82-A19B-9962B620A3D4}.Release|Any CPU.ActiveCfg = Release|Any CPU
		{2A39FF86-D85F-0B82-A19B-9962B620A3D4}.Release|Any CPU.Build.0 = Release|Any CPU
		{B89511C2-363B-21C2-B607-CA2AD7B4B3E7}.Debug|Any CPU.ActiveCfg = Debug|Any CPU
		{B89511C2-363B-21C2-B607-CA2AD7B4B3E7}.Debug|Any CPU.Build.0 = Debug|Any CPU
		{B89511C2-363B-21C2-B607-CA2AD7B4B3E7}.Release|Any CPU.ActiveCfg = Release|Any CPU
		{B89511C2-363B-21C2-B607-CA2AD7B4B3E7}.Release|Any CPU.Build.0 = Release|Any CPU
		{DD95E095-8B5D-9338-3960-3A4B9F979588}.Debug|Any CPU.ActiveCfg = Debug|Any CPU
		{DD95E095-8B5D-9338-3960-3A4B9F979588}.Debug|Any CPU.Build.0 = Debug|Any CPU
		{DD95E095-8B5D-9338-3960-3A4B9F979588}.Release|Any CPU.ActiveCfg = Release|Any CPU
		{DD95E095-8B5D-9338-3960-3A4B9F979588}.Release|Any CPU.Build.0 = Release|Any CPU
		{72623327-7307-7BA2-B210-691419A8C399}.Debug|Any CPU.ActiveCfg = Debug|Any CPU
		{72623327-7307-7BA2-B210-691419A8C399}.Debug|Any CPU.Build.0 = Debug|Any CPU
		{72623327-7307-7BA2-B210-691419A8C399}.Release|Any CPU.ActiveCfg = Release|Any CPU
		{72623327-7307-7BA2-B210-691419A8C399}.Release|Any CPU.Build.0 = Release|Any CPU
		{DC6CFF1A-FD61-0B55-9B5F-659398D72272}.Debug|Any CPU.ActiveCfg = Debug|Any CPU
		{DC6CFF1A-FD61-0B55-9B5F-659398D72272}.Debug|Any CPU.Build.0 = Debug|Any CPU
		{DC6CFF1A-FD61-0B55-9B5F-659398D72272}.Release|Any CPU.ActiveCfg = Release|Any CPU
		{DC6CFF1A-FD61-0B55-9B5F-659398D72272}.Release|Any CPU.Build.0 = Release|Any CPU
		{482D500F-051E-6712-F0B5-1A076B21229A}.Debug|Any CPU.ActiveCfg = Debug|Any CPU
		{482D500F-051E-6712-F0B5-1A076B21229A}.Debug|Any CPU.Build.0 = Debug|Any CPU
		{482D500F-051E-6712-F0B5-1A076B21229A}.Release|Any CPU.ActiveCfg = Release|Any CPU
		{482D500F-051E-6712-F0B5-1A076B21229A}.Release|Any CPU.Build.0 = Release|Any CPU
		{C838D38B-BED5-033A-4875-3BC0F426B986}.Debug|Any CPU.ActiveCfg = Debug|Any CPU
		{C838D38B-BED5-033A-4875-3BC0F426B986}.Debug|Any CPU.Build.0 = Debug|Any CPU
		{C838D38B-BED5-033A-4875-3BC0F426B986}.Release|Any CPU.ActiveCfg = Release|Any CPU
		{C838D38B-BED5-033A-4875-3BC0F426B986}.Release|Any CPU.Build.0 = Release|Any CPU
		{296FA6CE-4B87-0245-4E5A-5958A21021EB}.Debug|Any CPU.ActiveCfg = Debug|Any CPU
		{296FA6CE-4B87-0245-4E5A-5958A21021EB}.Debug|Any CPU.Build.0 = Debug|Any CPU
		{296FA6CE-4B87-0245-4E5A-5958A21021EB}.Release|Any CPU.ActiveCfg = Release|Any CPU
		{296FA6CE-4B87-0245-4E5A-5958A21021EB}.Release|Any CPU.Build.0 = Release|Any CPU
		{03E67EF6-7D71-E27F-8D61-59A40F4CD4ED}.Debug|Any CPU.ActiveCfg = Debug|Any CPU
		{03E67EF6-7D71-E27F-8D61-59A40F4CD4ED}.Debug|Any CPU.Build.0 = Debug|Any CPU
		{03E67EF6-7D71-E27F-8D61-59A40F4CD4ED}.Release|Any CPU.ActiveCfg = Release|Any CPU
		{03E67EF6-7D71-E27F-8D61-59A40F4CD4ED}.Release|Any CPU.Build.0 = Release|Any CPU
		{FC7BB2E2-1985-4D5A-9FCB-DA2CB5F887F0}.Debug|Any CPU.ActiveCfg = Debug|Any CPU
		{FC7BB2E2-1985-4D5A-9FCB-DA2CB5F887F0}.Debug|Any CPU.Build.0 = Debug|Any CPU
		{FC7BB2E2-1985-4D5A-9FCB-DA2CB5F887F0}.Release|Any CPU.ActiveCfg = Release|Any CPU
		{FC7BB2E2-1985-4D5A-9FCB-DA2CB5F887F0}.Release|Any CPU.Build.0 = Release|Any CPU
		{1DE1F636-D72F-C3BA-57AB-149139D0D816}.Debug|Any CPU.ActiveCfg = Debug|Any CPU
		{1DE1F636-D72F-C3BA-57AB-149139D0D816}.Debug|Any CPU.Build.0 = Debug|Any CPU
		{1DE1F636-D72F-C3BA-57AB-149139D0D816}.Release|Any CPU.ActiveCfg = Release|Any CPU
		{1DE1F636-D72F-C3BA-57AB-149139D0D816}.Release|Any CPU.Build.0 = Release|Any CPU
		{CBBD0D0D-10EE-2475-6E28-94AE2200718B}.Debug|Any CPU.ActiveCfg = Debug|Any CPU
		{CBBD0D0D-10EE-2475-6E28-94AE2200718B}.Debug|Any CPU.Build.0 = Debug|Any CPU
		{CBBD0D0D-10EE-2475-6E28-94AE2200718B}.Release|Any CPU.ActiveCfg = Release|Any CPU
		{CBBD0D0D-10EE-2475-6E28-94AE2200718B}.Release|Any CPU.Build.0 = Release|Any CPU
		{451D64DB-78B1-ED4A-23D6-90512ED84804}.Debug|Any CPU.ActiveCfg = Debug|Any CPU
		{451D64DB-78B1-ED4A-23D6-90512ED84804}.Debug|Any CPU.Build.0 = Debug|Any CPU
		{451D64DB-78B1-ED4A-23D6-90512ED84804}.Release|Any CPU.ActiveCfg = Release|Any CPU
		{451D64DB-78B1-ED4A-23D6-90512ED84804}.Release|Any CPU.Build.0 = Release|Any CPU
		{B7170498-A40F-FF65-64D3-4A192234F809}.Debug|Any CPU.ActiveCfg = Debug|Any CPU
		{B7170498-A40F-FF65-64D3-4A192234F809}.Debug|Any CPU.Build.0 = Debug|Any CPU
		{B7170498-A40F-FF65-64D3-4A192234F809}.Release|Any CPU.ActiveCfg = Release|Any CPU
		{B7170498-A40F-FF65-64D3-4A192234F809}.Release|Any CPU.Build.0 = Release|Any CPU
		{2E01C1FC-A3BF-1A8C-DF93-012B2F557CA9}.Debug|Any CPU.ActiveCfg = Debug|Any CPU
		{2E01C1FC-A3BF-1A8C-DF93-012B2F557CA9}.Debug|Any CPU.Build.0 = Debug|Any CPU
		{2E01C1FC-A3BF-1A8C-DF93-012B2F557CA9}.Release|Any CPU.ActiveCfg = Release|Any CPU
		{2E01C1FC-A3BF-1A8C-DF93-012B2F557CA9}.Release|Any CPU.Build.0 = Release|Any CPU
		{6194A7D2-C7C4-F10B-6932-C918553102A0}.Debug|Any CPU.ActiveCfg = Debug|Any CPU
		{6194A7D2-C7C4-F10B-6932-C918553102A0}.Debug|Any CPU.Build.0 = Debug|Any CPU
		{6194A7D2-C7C4-F10B-6932-C918553102A0}.Release|Any CPU.ActiveCfg = Release|Any CPU
		{6194A7D2-C7C4-F10B-6932-C918553102A0}.Release|Any CPU.Build.0 = Release|Any CPU
		{40571908-7FC7-1D53-E1A6-3EB808F62578}.Debug|Any CPU.ActiveCfg = Debug|Any CPU
		{40571908-7FC7-1D53-E1A6-3EB808F62578}.Debug|Any CPU.Build.0 = Debug|Any CPU
		{40571908-7FC7-1D53-E1A6-3EB808F62578}.Release|Any CPU.ActiveCfg = Release|Any CPU
		{40571908-7FC7-1D53-E1A6-3EB808F62578}.Release|Any CPU.Build.0 = Release|Any CPU
		{67BF9E7A-1EB6-4D6E-A1EF-FC8499CC7AA6}.Debug|Any CPU.ActiveCfg = Debug|Any CPU
		{67BF9E7A-1EB6-4D6E-A1EF-FC8499CC7AA6}.Debug|Any CPU.Build.0 = Debug|Any CPU
		{67BF9E7A-1EB6-4D6E-A1EF-FC8499CC7AA6}.Release|Any CPU.ActiveCfg = Release|Any CPU
		{67BF9E7A-1EB6-4D6E-A1EF-FC8499CC7AA6}.Release|Any CPU.Build.0 = Release|Any CPU
		{AA0DBFE8-0CB1-631B-742D-AFAC88822857}.Debug|Any CPU.ActiveCfg = Debug|Any CPU
		{AA0DBFE8-0CB1-631B-742D-AFAC88822857}.Debug|Any CPU.Build.0 = Debug|Any CPU
		{AA0DBFE8-0CB1-631B-742D-AFAC88822857}.Release|Any CPU.ActiveCfg = Release|Any CPU
		{AA0DBFE8-0CB1-631B-742D-AFAC88822857}.Release|Any CPU.Build.0 = Release|Any CPU
		{21B7ED7F-E954-191E-06FB-631822C626BB}.Debug|Any CPU.ActiveCfg = Debug|Any CPU
		{21B7ED7F-E954-191E-06FB-631822C626BB}.Debug|Any CPU.Build.0 = Debug|Any CPU
		{21B7ED7F-E954-191E-06FB-631822C626BB}.Release|Any CPU.ActiveCfg = Release|Any CPU
		{21B7ED7F-E954-191E-06FB-631822C626BB}.Release|Any CPU.Build.0 = Release|Any CPU
		{BDFD375D-40E6-117F-1EED-51DC1B0C3D8D}.Debug|Any CPU.ActiveCfg = Debug|Any CPU
		{BDFD375D-40E6-117F-1EED-51DC1B0C3D8D}.Debug|Any CPU.Build.0 = Debug|Any CPU
		{BDFD375D-40E6-117F-1EED-51DC1B0C3D8D}.Release|Any CPU.ActiveCfg = Release|Any CPU
		{BDFD375D-40E6-117F-1EED-51DC1B0C3D8D}.Release|Any CPU.Build.0 = Release|Any CPU
		{0B2C6B23-FCAF-8EC7-1807-0DE2DBE697C7}.Debug|Any CPU.ActiveCfg = Debug|Any CPU
		{0B2C6B23-FCAF-8EC7-1807-0DE2DBE697C7}.Debug|Any CPU.Build.0 = Debug|Any CPU
		{0B2C6B23-FCAF-8EC7-1807-0DE2DBE697C7}.Release|Any CPU.ActiveCfg = Release|Any CPU
		{0B2C6B23-FCAF-8EC7-1807-0DE2DBE697C7}.Release|Any CPU.Build.0 = Release|Any CPU
		{7192FF69-8010-EC9B-DA94-CD7FBAFC0734}.Debug|Any CPU.ActiveCfg = Debug|Any CPU
		{7192FF69-8010-EC9B-DA94-CD7FBAFC0734}.Debug|Any CPU.Build.0 = Debug|Any CPU
		{7192FF69-8010-EC9B-DA94-CD7FBAFC0734}.Release|Any CPU.ActiveCfg = Release|Any CPU
		{7192FF69-8010-EC9B-DA94-CD7FBAFC0734}.Release|Any CPU.Build.0 = Release|Any CPU
		{977FED64-3FA4-D54B-C7CD-594DE2306115}.Debug|Any CPU.ActiveCfg = Debug|Any CPU
		{977FED64-3FA4-D54B-C7CD-594DE2306115}.Debug|Any CPU.Build.0 = Debug|Any CPU
		{977FED64-3FA4-D54B-C7CD-594DE2306115}.Release|Any CPU.ActiveCfg = Release|Any CPU
		{977FED64-3FA4-D54B-C7CD-594DE2306115}.Release|Any CPU.Build.0 = Release|Any CPU
		{63ECC13A-B2FD-772A-CB14-21D45177841D}.Debug|Any CPU.ActiveCfg = Debug|Any CPU
		{63ECC13A-B2FD-772A-CB14-21D45177841D}.Debug|Any CPU.Build.0 = Debug|Any CPU
		{63ECC13A-B2FD-772A-CB14-21D45177841D}.Release|Any CPU.ActiveCfg = Release|Any CPU
		{63ECC13A-B2FD-772A-CB14-21D45177841D}.Release|Any CPU.Build.0 = Release|Any CPU
		{A3A41C23-733B-CA3B-7B39-65B13407F2A1}.Debug|Any CPU.ActiveCfg = Debug|Any CPU
		{A3A41C23-733B-CA3B-7B39-65B13407F2A1}.Debug|Any CPU.Build.0 = Debug|Any CPU
		{A3A41C23-733B-CA3B-7B39-65B13407F2A1}.Release|Any CPU.ActiveCfg = Release|Any CPU
		{A3A41C23-733B-CA3B-7B39-65B13407F2A1}.Release|Any CPU.Build.0 = Release|Any CPU
		{7719F13F-5175-603D-8540-BA43F3D35510}.Debug|Any CPU.ActiveCfg = Debug|Any CPU
		{7719F13F-5175-603D-8540-BA43F3D35510}.Debug|Any CPU.Build.0 = Debug|Any CPU
		{7719F13F-5175-603D-8540-BA43F3D35510}.Release|Any CPU.ActiveCfg = Release|Any CPU
		{7719F13F-5175-603D-8540-BA43F3D35510}.Release|Any CPU.Build.0 = Release|Any CPU
		{8FC8D2FE-922B-9F89-B594-5680EB86BA79}.Debug|Any CPU.ActiveCfg = Debug|Any CPU
		{8FC8D2FE-922B-9F89-B594-5680EB86BA79}.Debug|Any CPU.Build.0 = Debug|Any CPU
		{8FC8D2FE-922B-9F89-B594-5680EB86BA79}.Release|Any CPU.ActiveCfg = Release|Any CPU
		{8FC8D2FE-922B-9F89-B594-5680EB86BA79}.Release|Any CPU.Build.0 = Release|Any CPU
		{0460949C-1AC2-5FCB-7B04-BA28768E6C0C}.Debug|Any CPU.ActiveCfg = Debug|Any CPU
		{0460949C-1AC2-5FCB-7B04-BA28768E6C0C}.Debug|Any CPU.Build.0 = Debug|Any CPU
		{0460949C-1AC2-5FCB-7B04-BA28768E6C0C}.Release|Any CPU.ActiveCfg = Release|Any CPU
		{0460949C-1AC2-5FCB-7B04-BA28768E6C0C}.Release|Any CPU.Build.0 = Release|Any CPU
		{1B59BC58-B3A6-17B8-CAFA-1ED27AB3AD10}.Debug|Any CPU.ActiveCfg = Debug|Any CPU
		{1B59BC58-B3A6-17B8-CAFA-1ED27AB3AD10}.Debug|Any CPU.Build.0 = Debug|Any CPU
		{1B59BC58-B3A6-17B8-CAFA-1ED27AB3AD10}.Release|Any CPU.ActiveCfg = Release|Any CPU
		{1B59BC58-B3A6-17B8-CAFA-1ED27AB3AD10}.Release|Any CPU.Build.0 = Release|Any CPU
		{79736249-0E7C-33B7-EE6A-FA4367146E07}.Debug|Any CPU.ActiveCfg = Debug|Any CPU
		{79736249-0E7C-33B7-EE6A-FA4367146E07}.Debug|Any CPU.Build.0 = Debug|Any CPU
		{79736249-0E7C-33B7-EE6A-FA4367146E07}.Release|Any CPU.ActiveCfg = Release|Any CPU
		{79736249-0E7C-33B7-EE6A-FA4367146E07}.Release|Any CPU.Build.0 = Release|Any CPU
		{6E4F38FB-744A-C697-E85B-D8F0D49D45D1}.Debug|Any CPU.ActiveCfg = Debug|Any CPU
		{6E4F38FB-744A-C697-E85B-D8F0D49D45D1}.Debug|Any CPU.Build.0 = Debug|Any CPU
		{6E4F38FB-744A-C697-E85B-D8F0D49D45D1}.Release|Any CPU.ActiveCfg = Release|Any CPU
		{6E4F38FB-744A-C697-E85B-D8F0D49D45D1}.Release|Any CPU.Build.0 = Release|Any CPU
		{C901F9DF-498D-0164-552B-788E9A518DCC}.Debug|Any CPU.ActiveCfg = Debug|Any CPU
		{C901F9DF-498D-0164-552B-788E9A518DCC}.Debug|Any CPU.Build.0 = Debug|Any CPU
		{C901F9DF-498D-0164-552B-788E9A518DCC}.Release|Any CPU.ActiveCfg = Release|Any CPU
		{C901F9DF-498D-0164-552B-788E9A518DCC}.Release|Any CPU.Build.0 = Release|Any CPU
		{C31A4492-22FC-777B-BAD1-09D020E3EC26}.Debug|Any CPU.ActiveCfg = Debug|Any CPU
		{C31A4492-22FC-777B-BAD1-09D020E3EC26}.Debug|Any CPU.Build.0 = Debug|Any CPU
		{C31A4492-22FC-777B-BAD1-09D020E3EC26}.Release|Any CPU.ActiveCfg = Release|Any CPU
		{C31A4492-22FC-777B-BAD1-09D020E3EC26}.Release|Any CPU.Build.0 = Release|Any CPU
		{0305BD01-B795-F7C8-4C4D-88E3E0202EF4}.Debug|Any CPU.ActiveCfg = Debug|Any CPU
		{0305BD01-B795-F7C8-4C4D-88E3E0202EF4}.Debug|Any CPU.Build.0 = Debug|Any CPU
		{0305BD01-B795-F7C8-4C4D-88E3E0202EF4}.Release|Any CPU.ActiveCfg = Release|Any CPU
		{0305BD01-B795-F7C8-4C4D-88E3E0202EF4}.Release|Any CPU.Build.0 = Release|Any CPU
		{5D44AD9F-F3DC-16F9-A3FB-73EE5BC723B5}.Debug|Any CPU.ActiveCfg = Debug|Any CPU
		{5D44AD9F-F3DC-16F9-A3FB-73EE5BC723B5}.Debug|Any CPU.Build.0 = Debug|Any CPU
		{5D44AD9F-F3DC-16F9-A3FB-73EE5BC723B5}.Release|Any CPU.ActiveCfg = Release|Any CPU
		{5D44AD9F-F3DC-16F9-A3FB-73EE5BC723B5}.Release|Any CPU.Build.0 = Release|Any CPU
		{15562522-4F71-008E-F973-AD0DFF3DF8B0}.Debug|Any CPU.ActiveCfg = Debug|Any CPU
		{15562522-4F71-008E-F973-AD0DFF3DF8B0}.Debug|Any CPU.Build.0 = Debug|Any CPU
		{15562522-4F71-008E-F973-AD0DFF3DF8B0}.Release|Any CPU.ActiveCfg = Release|Any CPU
		{15562522-4F71-008E-F973-AD0DFF3DF8B0}.Release|Any CPU.Build.0 = Release|Any CPU
		{3A22C0DA-DC86-92FF-3913-DE0603B113D3}.Debug|Any CPU.ActiveCfg = Debug|Any CPU
		{3A22C0DA-DC86-92FF-3913-DE0603B113D3}.Debug|Any CPU.Build.0 = Debug|Any CPU
		{3A22C0DA-DC86-92FF-3913-DE0603B113D3}.Release|Any CPU.ActiveCfg = Release|Any CPU
		{3A22C0DA-DC86-92FF-3913-DE0603B113D3}.Release|Any CPU.Build.0 = Release|Any CPU
		{58906589-6753-23F1-8390-6131C382D6EA}.Debug|Any CPU.ActiveCfg = Debug|Any CPU
		{58906589-6753-23F1-8390-6131C382D6EA}.Debug|Any CPU.Build.0 = Debug|Any CPU
		{58906589-6753-23F1-8390-6131C382D6EA}.Release|Any CPU.ActiveCfg = Release|Any CPU
		{58906589-6753-23F1-8390-6131C382D6EA}.Release|Any CPU.Build.0 = Release|Any CPU
		{20999CA8-D0BF-7BAC-DED7-A92FD5AA2B27}.Debug|Any CPU.ActiveCfg = Debug|Any CPU
		{20999CA8-D0BF-7BAC-DED7-A92FD5AA2B27}.Debug|Any CPU.Build.0 = Debug|Any CPU
		{20999CA8-D0BF-7BAC-DED7-A92FD5AA2B27}.Release|Any CPU.ActiveCfg = Release|Any CPU
		{20999CA8-D0BF-7BAC-DED7-A92FD5AA2B27}.Release|Any CPU.Build.0 = Release|Any CPU
		{D3B426D7-6C70-8B1D-8199-0DB2B320A555}.Debug|Any CPU.ActiveCfg = Debug|Any CPU
		{D3B426D7-6C70-8B1D-8199-0DB2B320A555}.Debug|Any CPU.Build.0 = Debug|Any CPU
		{D3B426D7-6C70-8B1D-8199-0DB2B320A555}.Release|Any CPU.ActiveCfg = Release|Any CPU
		{D3B426D7-6C70-8B1D-8199-0DB2B320A555}.Release|Any CPU.Build.0 = Release|Any CPU
		{8FF1FFB0-0644-A72A-4073-0750D79F62CF}.Debug|Any CPU.ActiveCfg = Debug|Any CPU
		{8FF1FFB0-0644-A72A-4073-0750D79F62CF}.Debug|Any CPU.Build.0 = Debug|Any CPU
		{8FF1FFB0-0644-A72A-4073-0750D79F62CF}.Release|Any CPU.ActiveCfg = Release|Any CPU
		{8FF1FFB0-0644-A72A-4073-0750D79F62CF}.Release|Any CPU.Build.0 = Release|Any CPU
		{9059C200-8413-9DB9-D983-A73996031437}.Debug|Any CPU.ActiveCfg = Debug|Any CPU
		{9059C200-8413-9DB9-D983-A73996031437}.Debug|Any CPU.Build.0 = Debug|Any CPU
		{9059C200-8413-9DB9-D983-A73996031437}.Release|Any CPU.ActiveCfg = Release|Any CPU
		{9059C200-8413-9DB9-D983-A73996031437}.Release|Any CPU.Build.0 = Release|Any CPU
		{B044BCD9-B12C-6A20-0DAA-22F5901853A1}.Debug|Any CPU.ActiveCfg = Debug|Any CPU
		{B044BCD9-B12C-6A20-0DAA-22F5901853A1}.Debug|Any CPU.Build.0 = Debug|Any CPU
		{B044BCD9-B12C-6A20-0DAA-22F5901853A1}.Release|Any CPU.ActiveCfg = Release|Any CPU
		{B044BCD9-B12C-6A20-0DAA-22F5901853A1}.Release|Any CPU.Build.0 = Release|Any CPU
		{BFBF328D-E5BF-5883-EB8A-83DE8DA2B06B}.Debug|Any CPU.ActiveCfg = Debug|Any CPU
		{BFBF328D-E5BF-5883-EB8A-83DE8DA2B06B}.Debug|Any CPU.Build.0 = Debug|Any CPU
		{BFBF328D-E5BF-5883-EB8A-83DE8DA2B06B}.Release|Any CPU.ActiveCfg = Release|Any CPU
		{BFBF328D-E5BF-5883-EB8A-83DE8DA2B06B}.Release|Any CPU.Build.0 = Release|Any CPU
		{E78015BC-1E4A-D68B-6074-94AC01C1C7F9}.Debug|Any CPU.ActiveCfg = Debug|Any CPU
		{E78015BC-1E4A-D68B-6074-94AC01C1C7F9}.Debug|Any CPU.Build.0 = Debug|Any CPU
		{E78015BC-1E4A-D68B-6074-94AC01C1C7F9}.Release|Any CPU.ActiveCfg = Release|Any CPU
		{E78015BC-1E4A-D68B-6074-94AC01C1C7F9}.Release|Any CPU.Build.0 = Release|Any CPU
		{DDD9FBEB-351D-71F0-EFEE-78DB28A43DAD}.Debug|Any CPU.ActiveCfg = Debug|Any CPU
		{DDD9FBEB-351D-71F0-EFEE-78DB28A43DAD}.Debug|Any CPU.Build.0 = Debug|Any CPU
		{DDD9FBEB-351D-71F0-EFEE-78DB28A43DAD}.Release|Any CPU.ActiveCfg = Release|Any CPU
		{DDD9FBEB-351D-71F0-EFEE-78DB28A43DAD}.Release|Any CPU.Build.0 = Release|Any CPU
		{CD82C602-4752-51D1-2E3F-9DDF99EBDD2F}.Debug|Any CPU.ActiveCfg = Debug|Any CPU
		{CD82C602-4752-51D1-2E3F-9DDF99EBDD2F}.Debug|Any CPU.Build.0 = Debug|Any CPU
		{CD82C602-4752-51D1-2E3F-9DDF99EBDD2F}.Release|Any CPU.ActiveCfg = Release|Any CPU
		{CD82C602-4752-51D1-2E3F-9DDF99EBDD2F}.Release|Any CPU.Build.0 = Release|Any CPU
		{0B94DC45-3FE2-CCAD-0EC3-AC4FF0470CF0}.Debug|Any CPU.ActiveCfg = Debug|Any CPU
		{0B94DC45-3FE2-CCAD-0EC3-AC4FF0470CF0}.Debug|Any CPU.Build.0 = Debug|Any CPU
		{0B94DC45-3FE2-CCAD-0EC3-AC4FF0470CF0}.Release|Any CPU.ActiveCfg = Release|Any CPU
		{0B94DC45-3FE2-CCAD-0EC3-AC4FF0470CF0}.Release|Any CPU.Build.0 = Release|Any CPU
		{75F3DA01-EB5D-E219-E6D0-93B9712DBA65}.Debug|Any CPU.ActiveCfg = Debug|Any CPU
		{75F3DA01-EB5D-E219-E6D0-93B9712DBA65}.Debug|Any CPU.Build.0 = Debug|Any CPU
		{75F3DA01-EB5D-E219-E6D0-93B9712DBA65}.Release|Any CPU.ActiveCfg = Release|Any CPU
		{75F3DA01-EB5D-E219-E6D0-93B9712DBA65}.Release|Any CPU.Build.0 = Release|Any CPU
		{B1D0E7A7-2FD1-5DB9-7EC9-5D332F45A41B}.Debug|Any CPU.ActiveCfg = Debug|Any CPU
		{B1D0E7A7-2FD1-5DB9-7EC9-5D332F45A41B}.Debug|Any CPU.Build.0 = Debug|Any CPU
		{B1D0E7A7-2FD1-5DB9-7EC9-5D332F45A41B}.Release|Any CPU.ActiveCfg = Release|Any CPU
		{B1D0E7A7-2FD1-5DB9-7EC9-5D332F45A41B}.Release|Any CPU.Build.0 = Release|Any CPU
		{A61618EE-E574-A060-2106-C9009604FB0F}.Debug|Any CPU.ActiveCfg = Debug|Any CPU
		{A61618EE-E574-A060-2106-C9009604FB0F}.Debug|Any CPU.Build.0 = Debug|Any CPU
		{A61618EE-E574-A060-2106-C9009604FB0F}.Release|Any CPU.ActiveCfg = Release|Any CPU
		{A61618EE-E574-A060-2106-C9009604FB0F}.Release|Any CPU.Build.0 = Release|Any CPU
		{BB6EB6B6-BC5E-7994-D059-AE14B55B7047}.Debug|Any CPU.ActiveCfg = Debug|Any CPU
		{BB6EB6B6-BC5E-7994-D059-AE14B55B7047}.Debug|Any CPU.Build.0 = Debug|Any CPU
		{BB6EB6B6-BC5E-7994-D059-AE14B55B7047}.Release|Any CPU.ActiveCfg = Release|Any CPU
		{BB6EB6B6-BC5E-7994-D059-AE14B55B7047}.Release|Any CPU.Build.0 = Release|Any CPU
		{912F1972-235C-9C96-17FE-62EF02D80CCD}.Debug|Any CPU.ActiveCfg = Debug|Any CPU
		{912F1972-235C-9C96-17FE-62EF02D80CCD}.Debug|Any CPU.Build.0 = Debug|Any CPU
		{912F1972-235C-9C96-17FE-62EF02D80CCD}.Release|Any CPU.ActiveCfg = Release|Any CPU
		{912F1972-235C-9C96-17FE-62EF02D80CCD}.Release|Any CPU.Build.0 = Release|Any CPU
		{4A3FC2AE-B9AF-6E28-8C45-09D26D94998A}.Debug|Any CPU.ActiveCfg = Debug|Any CPU
		{4A3FC2AE-B9AF-6E28-8C45-09D26D94998A}.Debug|Any CPU.Build.0 = Debug|Any CPU
		{4A3FC2AE-B9AF-6E28-8C45-09D26D94998A}.Release|Any CPU.ActiveCfg = Release|Any CPU
		{4A3FC2AE-B9AF-6E28-8C45-09D26D94998A}.Release|Any CPU.Build.0 = Release|Any CPU
		{CE7D2B6D-7B76-B9DF-7F98-E29763E32610}.Debug|Any CPU.ActiveCfg = Debug|Any CPU
		{CE7D2B6D-7B76-B9DF-7F98-E29763E32610}.Debug|Any CPU.Build.0 = Debug|Any CPU
		{CE7D2B6D-7B76-B9DF-7F98-E29763E32610}.Release|Any CPU.ActiveCfg = Release|Any CPU
		{CE7D2B6D-7B76-B9DF-7F98-E29763E32610}.Release|Any CPU.Build.0 = Release|Any CPU
		{D8CB565A-02E8-F0AA-75CA-5D1B903F092E}.Debug|Any CPU.ActiveCfg = Debug|Any CPU
		{D8CB565A-02E8-F0AA-75CA-5D1B903F092E}.Debug|Any CPU.Build.0 = Debug|Any CPU
		{D8CB565A-02E8-F0AA-75CA-5D1B903F092E}.Release|Any CPU.ActiveCfg = Release|Any CPU
		{D8CB565A-02E8-F0AA-75CA-5D1B903F092E}.Release|Any CPU.Build.0 = Release|Any CPU
		{B3F86895-8D6B-AD78-B4C1-313836D6DC71}.Debug|Any CPU.ActiveCfg = Debug|Any CPU
		{B3F86895-8D6B-AD78-B4C1-313836D6DC71}.Debug|Any CPU.Build.0 = Debug|Any CPU
		{B3F86895-8D6B-AD78-B4C1-313836D6DC71}.Release|Any CPU.ActiveCfg = Release|Any CPU
		{B3F86895-8D6B-AD78-B4C1-313836D6DC71}.Release|Any CPU.Build.0 = Release|Any CPU
		{DCCBD629-6147-A641-E1BA-DD1589F1DB55}.Debug|Any CPU.ActiveCfg = Debug|Any CPU
		{DCCBD629-6147-A641-E1BA-DD1589F1DB55}.Debug|Any CPU.Build.0 = Debug|Any CPU
		{DCCBD629-6147-A641-E1BA-DD1589F1DB55}.Release|Any CPU.ActiveCfg = Release|Any CPU
		{DCCBD629-6147-A641-E1BA-DD1589F1DB55}.Release|Any CPU.Build.0 = Release|Any CPU
		{A7D9749A-8BDA-BD3D-A96B-AED2D83EE0E5}.Debug|Any CPU.ActiveCfg = Debug|Any CPU
		{A7D9749A-8BDA-BD3D-A96B-AED2D83EE0E5}.Debug|Any CPU.Build.0 = Debug|Any CPU
		{A7D9749A-8BDA-BD3D-A96B-AED2D83EE0E5}.Release|Any CPU.ActiveCfg = Release|Any CPU
		{A7D9749A-8BDA-BD3D-A96B-AED2D83EE0E5}.Release|Any CPU.Build.0 = Release|Any CPU
		{2DAD9C14-5210-76B6-8F68-6DF5FE192E9B}.Debug|Any CPU.ActiveCfg = Debug|Any CPU
		{2DAD9C14-5210-76B6-8F68-6DF5FE192E9B}.Debug|Any CPU.Build.0 = Debug|Any CPU
		{2DAD9C14-5210-76B6-8F68-6DF5FE192E9B}.Release|Any CPU.ActiveCfg = Release|Any CPU
		{2DAD9C14-5210-76B6-8F68-6DF5FE192E9B}.Release|Any CPU.Build.0 = Release|Any CPU
		{0FD92ACC-755E-E112-23BD-A0B5E350DD59}.Debug|Any CPU.ActiveCfg = Debug|Any CPU
		{0FD92ACC-755E-E112-23BD-A0B5E350DD59}.Debug|Any CPU.Build.0 = Debug|Any CPU
		{0FD92ACC-755E-E112-23BD-A0B5E350DD59}.Release|Any CPU.ActiveCfg = Release|Any CPU
		{0FD92ACC-755E-E112-23BD-A0B5E350DD59}.Release|Any CPU.Build.0 = Release|Any CPU
		{17209623-A673-A2A9-4D32-C16E8CA126F0}.Debug|Any CPU.ActiveCfg = Debug|Any CPU
		{17209623-A673-A2A9-4D32-C16E8CA126F0}.Debug|Any CPU.Build.0 = Debug|Any CPU
		{17209623-A673-A2A9-4D32-C16E8CA126F0}.Release|Any CPU.ActiveCfg = Release|Any CPU
		{17209623-A673-A2A9-4D32-C16E8CA126F0}.Release|Any CPU.Build.0 = Release|Any CPU
		{DB46C85B-3CFD-B1DA-25D6-655125D7959C}.Debug|Any CPU.ActiveCfg = Debug|Any CPU
		{DB46C85B-3CFD-B1DA-25D6-655125D7959C}.Debug|Any CPU.Build.0 = Debug|Any CPU
		{DB46C85B-3CFD-B1DA-25D6-655125D7959C}.Release|Any CPU.ActiveCfg = Release|Any CPU
		{DB46C85B-3CFD-B1DA-25D6-655125D7959C}.Release|Any CPU.Build.0 = Release|Any CPU
		{E9D8F144-1CA1-41BA-A65E-0B59876C6881}.Debug|Any CPU.ActiveCfg = Debug|Any CPU
		{E9D8F144-1CA1-41BA-A65E-0B59876C6881}.Debug|Any CPU.Build.0 = Debug|Any CPU
		{E9D8F144-1CA1-41BA-A65E-0B59876C6881}.Release|Any CPU.ActiveCfg = Release|Any CPU
		{E9D8F144-1CA1-41BA-A65E-0B59876C6881}.Release|Any CPU.Build.0 = Release|Any CPU
		{1783E8B5-33A6-4638-3564-DDEE1589EA2D}.Debug|Any CPU.ActiveCfg = Debug|Any CPU
		{1783E8B5-33A6-4638-3564-DDEE1589EA2D}.Debug|Any CPU.Build.0 = Debug|Any CPU
		{1783E8B5-33A6-4638-3564-DDEE1589EA2D}.Release|Any CPU.ActiveCfg = Release|Any CPU
		{1783E8B5-33A6-4638-3564-DDEE1589EA2D}.Release|Any CPU.Build.0 = Release|Any CPU
		{CC258F17-D7A8-15F0-0DCE-23D4EB85E371}.Debug|Any CPU.ActiveCfg = Debug|Any CPU
		{CC258F17-D7A8-15F0-0DCE-23D4EB85E371}.Debug|Any CPU.Build.0 = Debug|Any CPU
		{CC258F17-D7A8-15F0-0DCE-23D4EB85E371}.Release|Any CPU.ActiveCfg = Release|Any CPU
		{CC258F17-D7A8-15F0-0DCE-23D4EB85E371}.Release|Any CPU.Build.0 = Release|Any CPU
		{5A15D296-DFEE-B395-E5CE-919A67F022FC}.Debug|Any CPU.ActiveCfg = Debug|Any CPU
		{5A15D296-DFEE-B395-E5CE-919A67F022FC}.Debug|Any CPU.Build.0 = Debug|Any CPU
		{5A15D296-DFEE-B395-E5CE-919A67F022FC}.Release|Any CPU.ActiveCfg = Release|Any CPU
		{5A15D296-DFEE-B395-E5CE-919A67F022FC}.Release|Any CPU.Build.0 = Release|Any CPU
		{35BA4CE6-A661-9E2F-B14B-A8DF3F965B5E}.Debug|Any CPU.ActiveCfg = Debug|Any CPU
		{35BA4CE6-A661-9E2F-B14B-A8DF3F965B5E}.Debug|Any CPU.Build.0 = Debug|Any CPU
		{35BA4CE6-A661-9E2F-B14B-A8DF3F965B5E}.Release|Any CPU.ActiveCfg = Release|Any CPU
		{35BA4CE6-A661-9E2F-B14B-A8DF3F965B5E}.Release|Any CPU.Build.0 = Release|Any CPU
	EndGlobalSection
	GlobalSection(SolutionProperties) = preSolution
		HideSolutionNode = FALSE
	EndGlobalSection
EndGlobal
